// !$*UTF8*$!
{
	archiveVersion = 1;
	classes = {
	};
	objectVersion = 50;
	objects = {

/* Begin PBXBuildFile section */
		C9349FA8248CF5420044565D /* libwad_editor_lib_macos.a in Frameworks */ = {isa = PBXBuildFile; fileRef = C9349FA7248CF5420044565D /* libwad_editor_lib_macos.a */; };
		C93EB5B42486C3D6001CDE59 /* SubmeshGenerator.m in Sources */ = {isa = PBXBuildFile; fileRef = C93EB5B32486C3D6001CDE59 /* SubmeshGenerator.m */; };
		C9453C892495023600604E60 /* WadItemsDataSource.m in Sources */ = {isa = PBXBuildFile; fileRef = C9453C882495023600604E60 /* WadItemsDataSource.m */; };
		C9453C8D2495068200604E60 /* WadItemView.m in Sources */ = {isa = PBXBuildFile; fileRef = C9453C8C2495068200604E60 /* WadItemView.m */; };
		C94F5648248644DA0089C915 /* WadKitViewDelegate.m in Sources */ = {isa = PBXBuildFile; fileRef = C94F5647248644DA0089C915 /* WadKitViewDelegate.m */; };
		C94F565224864D3A0089C915 /* ResourceStorage.m in Sources */ = {isa = PBXBuildFile; fileRef = C94F565124864D3A0089C915 /* ResourceStorage.m */; };
		C977D35424865C93002A7D6B /* WKRenderer.m in Sources */ = {isa = PBXBuildFile; fileRef = C977D35324865C93002A7D6B /* WKRenderer.m */; };
		C977D35824865EA0002A7D6B /* WKEditor.m in Sources */ = {isa = PBXBuildFile; fileRef = C977D35724865EA0002A7D6B /* WKEditor.m */; };
		C977D3602486930A002A7D6B /* MeshReflection.m in Sources */ = {isa = PBXBuildFile; fileRef = C977D35F2486930A002A7D6B /* MeshReflection.m */; };
		C977D3632486931A002A7D6B /* Submesh.m in Sources */ = {isa = PBXBuildFile; fileRef = C977D3622486931A002A7D6B /* Submesh.m */; };
		C97A41212498191C0031ACD3 /* WadItem.m in Sources */ = {isa = PBXBuildFile; fileRef = C97A41202498191C0031ACD3 /* WadItem.m */; };
		C983F82D248CCB7800211C5F /* colored_line_shaders.metal in Sources */ = {isa = PBXBuildFile; fileRef = C983F82C248CCB7800211C5F /* colored_line_shaders.metal */; };
		C98AC97524864E830096BDCC /* TextureReflection.m in Sources */ = {isa = PBXBuildFile; fileRef = C98AC97424864E830096BDCC /* TextureReflection.m */; };
		C9A3ACAD2487D47A002FD496 /* triangle_shaders.metal in Sources */ = {isa = PBXBuildFile; fileRef = C9A3ACAC2487D47A002FD496 /* triangle_shaders.metal */; };
		C9B6FAD6248A9739006DBCA7 /* WKOutlineCellView.m in Sources */ = {isa = PBXBuildFile; fileRef = C9B6FAD5248A9739006DBCA7 /* WKOutlineCellView.m */; };
		C9B6FADA248AB06E006DBCA7 /* WKOutlineDataSource.m in Sources */ = {isa = PBXBuildFile; fileRef = C9B6FAD9248AB06E006DBCA7 /* WKOutlineDataSource.m */; };
		C9B6FADD248AB0F0006DBCA7 /* WKOutlineItem.m in Sources */ = {isa = PBXBuildFile; fileRef = C9B6FADC248AB0F0006DBCA7 /* WKOutlineItem.m */; };
		C9BC729523AD560100EFE0D7 /* Window.xib in Resources */ = {isa = PBXBuildFile; fileRef = C9BC729423AD560100EFE0D7 /* Window.xib */; };
		C9BE0FD323A733E3000E25FC /* AppDelegate.m in Sources */ = {isa = PBXBuildFile; fileRef = C9BE0FD223A733E3000E25FC /* AppDelegate.m */; };
		C9BE0FD523A733E7000E25FC /* Assets.xcassets in Resources */ = {isa = PBXBuildFile; fileRef = C9BE0FD423A733E7000E25FC /* Assets.xcassets */; };
		C9BE0FD823A733E7000E25FC /* MainMenu.xib in Resources */ = {isa = PBXBuildFile; fileRef = C9BE0FD623A733E7000E25FC /* MainMenu.xib */; };
		C9BE0FDB23A733E7000E25FC /* main.m in Sources */ = {isa = PBXBuildFile; fileRef = C9BE0FDA23A733E7000E25FC /* main.m */; };
		C9BE0FE623A733E7000E25FC /* WAD_EditorTests.m in Sources */ = {isa = PBXBuildFile; fileRef = C9BE0FE523A733E7000E25FC /* WAD_EditorTests.m */; };
		C9BE0FF123A733E7000E25FC /* WAD_EditorUITests.m in Sources */ = {isa = PBXBuildFile; fileRef = C9BE0FF023A733E7000E25FC /* WAD_EditorUITests.m */; };
		C9BE100023A7341E000E25FC /* libwad_kit.a in Frameworks */ = {isa = PBXBuildFile; fileRef = C9BE0FFF23A7341E000E25FC /* libwad_kit.a */; };
		C9BE100423A73434000E25FC /* Metal.framework in Frameworks */ = {isa = PBXBuildFile; fileRef = C9BE100123A73434000E25FC /* Metal.framework */; };
		C9BE100523A73434000E25FC /* MetalPerformanceShaders.framework in Frameworks */ = {isa = PBXBuildFile; fileRef = C9BE100223A73434000E25FC /* MetalPerformanceShaders.framework */; };
		C9BE100623A73434000E25FC /* MetalKit.framework in Frameworks */ = {isa = PBXBuildFile; fileRef = C9BE100323A73434000E25FC /* MetalKit.framework */; };
		C9BE100923A761D1000E25FC /* MainWindow.m in Sources */ = {isa = PBXBuildFile; fileRef = C9BE100823A761D1000E25FC /* MainWindow.m */; };
		C9E2BE88247D695C006FF2AE /* tut1.raw in Resources */ = {isa = PBXBuildFile; fileRef = C9E2BE7F247D695C006FF2AE /* tut1.raw */; };
		C9E2BE89247D695C006FF2AE /* tut1.TOM in Resources */ = {isa = PBXBuildFile; fileRef = C9E2BE80247D695C006FF2AE /* tut1.TOM */; };
		C9E2BE8A247D695C006FF2AE /* tut1.sfx in Resources */ = {isa = PBXBuildFile; fileRef = C9E2BE81247D695C006FF2AE /* tut1.sfx */; };
		C9E2BE8B247D695C006FF2AE /* tut1.WAS in Resources */ = {isa = PBXBuildFile; fileRef = C9E2BE82247D695C006FF2AE /* tut1.WAS */; };
		C9E2BE8C247D695C006FF2AE /* tut1.lar in Resources */ = {isa = PBXBuildFile; fileRef = C9E2BE83247D695C006FF2AE /* tut1.lar */; };
		C9E2BE8D247D695C006FF2AE /* tut1.WAD in Resources */ = {isa = PBXBuildFile; fileRef = C9E2BE84247D695C006FF2AE /* tut1.WAD */; };
		C9E2BE8E247D695C006FF2AE /* tut1.sam in Resources */ = {isa = PBXBuildFile; fileRef = C9E2BE85247D695C006FF2AE /* tut1.sam */; };
		C9E2BE8F247D695C006FF2AE /* tut1.SWD in Resources */ = {isa = PBXBuildFile; fileRef = C9E2BE86247D695C006FF2AE /* tut1.SWD */; };
		C9E2BE90247D695C006FF2AE /* tut1.CD in Resources */ = {isa = PBXBuildFile; fileRef = C9E2BE87247D695C006FF2AE /* tut1.CD */; };
		C9E2BE93247D7187006FF2AE /* WadKitView.m in Sources */ = {isa = PBXBuildFile; fileRef = C9E2BE92247D7187006FF2AE /* WadKitView.m */; };
/* End PBXBuildFile section */

/* Begin PBXContainerItemProxy section */
		C9BE0FE223A733E7000E25FC /* PBXContainerItemProxy */ = {
			isa = PBXContainerItemProxy;
			containerPortal = C9BE0FC623A733E3000E25FC /* Project object */;
			proxyType = 1;
			remoteGlobalIDString = C9BE0FCD23A733E3000E25FC;
			remoteInfo = "WAD Editor";
		};
		C9BE0FED23A733E7000E25FC /* PBXContainerItemProxy */ = {
			isa = PBXContainerItemProxy;
			containerPortal = C9BE0FC623A733E3000E25FC /* Project object */;
			proxyType = 1;
			remoteGlobalIDString = C9BE0FCD23A733E3000E25FC;
			remoteInfo = "WAD Editor";
		};
/* End PBXContainerItemProxy section */

/* Begin PBXFileReference section */
		C9349FA7248CF5420044565D /* libwad_editor_lib_macos.a */ = {isa = PBXFileReference; explicitFileType = archive.ar; path = libwad_editor_lib_macos.a; sourceTree = BUILT_PRODUCTS_DIR; };
		C93EB5B22486C3D6001CDE59 /* SubmeshGenerator.h */ = {isa = PBXFileReference; lastKnownFileType = sourcecode.c.h; path = SubmeshGenerator.h; sourceTree = "<group>"; };
		C93EB5B32486C3D6001CDE59 /* SubmeshGenerator.m */ = {isa = PBXFileReference; lastKnownFileType = sourcecode.c.objc; path = SubmeshGenerator.m; sourceTree = "<group>"; };
		C9453C872495023600604E60 /* WadItemsDataSource.h */ = {isa = PBXFileReference; lastKnownFileType = sourcecode.c.h; path = WadItemsDataSource.h; sourceTree = "<group>"; };
		C9453C882495023600604E60 /* WadItemsDataSource.m */ = {isa = PBXFileReference; lastKnownFileType = sourcecode.c.objc; path = WadItemsDataSource.m; sourceTree = "<group>"; };
		C9453C8B2495068200604E60 /* WadItemView.h */ = {isa = PBXFileReference; lastKnownFileType = sourcecode.c.h; path = WadItemView.h; sourceTree = "<group>"; };
		C9453C8C2495068200604E60 /* WadItemView.m */ = {isa = PBXFileReference; lastKnownFileType = sourcecode.c.objc; path = WadItemView.m; sourceTree = "<group>"; };
		C94F5646248644DA0089C915 /* WadKitViewDelegate.h */ = {isa = PBXFileReference; lastKnownFileType = sourcecode.c.h; path = WadKitViewDelegate.h; sourceTree = "<group>"; };
		C94F5647248644DA0089C915 /* WadKitViewDelegate.m */ = {isa = PBXFileReference; lastKnownFileType = sourcecode.c.objc; path = WadKitViewDelegate.m; sourceTree = "<group>"; };
		C94F565024864D3A0089C915 /* ResourceStorage.h */ = {isa = PBXFileReference; lastKnownFileType = sourcecode.c.h; path = ResourceStorage.h; sourceTree = "<group>"; };
		C94F565124864D3A0089C915 /* ResourceStorage.m */ = {isa = PBXFileReference; lastKnownFileType = sourcecode.c.objc; path = ResourceStorage.m; sourceTree = "<group>"; };
		C977D35224865C93002A7D6B /* WKRenderer.h */ = {isa = PBXFileReference; lastKnownFileType = sourcecode.c.h; path = WKRenderer.h; sourceTree = "<group>"; };
		C977D35324865C93002A7D6B /* WKRenderer.m */ = {isa = PBXFileReference; lastKnownFileType = sourcecode.c.objc; path = WKRenderer.m; sourceTree = "<group>"; };
		C977D35624865EA0002A7D6B /* WKEditor.h */ = {isa = PBXFileReference; lastKnownFileType = sourcecode.c.h; path = WKEditor.h; sourceTree = "<group>"; };
		C977D35724865EA0002A7D6B /* WKEditor.m */ = {isa = PBXFileReference; lastKnownFileType = sourcecode.c.objc; path = WKEditor.m; sourceTree = "<group>"; };
		C977D359248661CA002A7D6B /* WKViewport.h */ = {isa = PBXFileReference; lastKnownFileType = sourcecode.c.h; path = WKViewport.h; sourceTree = "<group>"; };
		C977D35A2486855D002A7D6B /* RendererTypes.h */ = {isa = PBXFileReference; lastKnownFileType = sourcecode.c.h; path = RendererTypes.h; sourceTree = "<group>"; };
		C977D35E2486930A002A7D6B /* MeshReflection.h */ = {isa = PBXFileReference; lastKnownFileType = sourcecode.c.h; path = MeshReflection.h; sourceTree = "<group>"; };
		C977D35F2486930A002A7D6B /* MeshReflection.m */ = {isa = PBXFileReference; lastKnownFileType = sourcecode.c.objc; path = MeshReflection.m; sourceTree = "<group>"; };
		C977D3612486931A002A7D6B /* Submesh.h */ = {isa = PBXFileReference; lastKnownFileType = sourcecode.c.h; path = Submesh.h; sourceTree = "<group>"; };
		C977D3622486931A002A7D6B /* Submesh.m */ = {isa = PBXFileReference; lastKnownFileType = sourcecode.c.objc; path = Submesh.m; sourceTree = "<group>"; };
		C97A411F2498191C0031ACD3 /* WadItem.h */ = {isa = PBXFileReference; lastKnownFileType = sourcecode.c.h; path = WadItem.h; sourceTree = "<group>"; };
		C97A41202498191C0031ACD3 /* WadItem.m */ = {isa = PBXFileReference; lastKnownFileType = sourcecode.c.objc; path = WadItem.m; sourceTree = "<group>"; };
		C97D12C62494C040005EAC04 /* wad_editor_lib_link.h */ = {isa = PBXFileReference; lastKnownFileType = sourcecode.c.h; path = wad_editor_lib_link.h; sourceTree = "<group>"; };
		C983F82C248CCB7800211C5F /* colored_line_shaders.metal */ = {isa = PBXFileReference; lastKnownFileType = sourcecode.metal; path = colored_line_shaders.metal; sourceTree = "<group>"; };
		C98AC97324864E830096BDCC /* TextureReflection.h */ = {isa = PBXFileReference; lastKnownFileType = sourcecode.c.h; path = TextureReflection.h; sourceTree = "<group>"; };
		C98AC97424864E830096BDCC /* TextureReflection.m */ = {isa = PBXFileReference; lastKnownFileType = sourcecode.c.objc; path = TextureReflection.m; sourceTree = "<group>"; };
		C9A3ACAC2487D47A002FD496 /* triangle_shaders.metal */ = {isa = PBXFileReference; lastKnownFileType = sourcecode.metal; path = triangle_shaders.metal; sourceTree = "<group>"; };
		C9B6FAD4248A9739006DBCA7 /* WKOutlineCellView.h */ = {isa = PBXFileReference; lastKnownFileType = sourcecode.c.h; path = WKOutlineCellView.h; sourceTree = "<group>"; };
		C9B6FAD5248A9739006DBCA7 /* WKOutlineCellView.m */ = {isa = PBXFileReference; lastKnownFileType = sourcecode.c.objc; path = WKOutlineCellView.m; sourceTree = "<group>"; };
		C9B6FAD7248AA974006DBCA7 /* WKEditorDelegate.h */ = {isa = PBXFileReference; lastKnownFileType = sourcecode.c.h; path = WKEditorDelegate.h; sourceTree = "<group>"; };
		C9B6FAD8248AB06E006DBCA7 /* WKOutlineDataSource.h */ = {isa = PBXFileReference; lastKnownFileType = sourcecode.c.h; path = WKOutlineDataSource.h; sourceTree = "<group>"; };
		C9B6FAD9248AB06E006DBCA7 /* WKOutlineDataSource.m */ = {isa = PBXFileReference; lastKnownFileType = sourcecode.c.objc; path = WKOutlineDataSource.m; sourceTree = "<group>"; };
		C9B6FADB248AB0F0006DBCA7 /* WKOutlineItem.h */ = {isa = PBXFileReference; lastKnownFileType = sourcecode.c.h; path = WKOutlineItem.h; sourceTree = "<group>"; };
		C9B6FADC248AB0F0006DBCA7 /* WKOutlineItem.m */ = {isa = PBXFileReference; lastKnownFileType = sourcecode.c.objc; path = WKOutlineItem.m; sourceTree = "<group>"; };
		C9BC729423AD560100EFE0D7 /* Window.xib */ = {isa = PBXFileReference; lastKnownFileType = file.xib; path = Window.xib; sourceTree = "<group>"; };
		C9BE0FCE23A733E3000E25FC /* WAD Editor.app */ = {isa = PBXFileReference; explicitFileType = wrapper.application; includeInIndex = 0; path = "WAD Editor.app"; sourceTree = BUILT_PRODUCTS_DIR; };
		C9BE0FD123A733E3000E25FC /* AppDelegate.h */ = {isa = PBXFileReference; lastKnownFileType = sourcecode.c.h; path = AppDelegate.h; sourceTree = "<group>"; };
		C9BE0FD223A733E3000E25FC /* AppDelegate.m */ = {isa = PBXFileReference; lastKnownFileType = sourcecode.c.objc; path = AppDelegate.m; sourceTree = "<group>"; };
		C9BE0FD423A733E7000E25FC /* Assets.xcassets */ = {isa = PBXFileReference; lastKnownFileType = folder.assetcatalog; path = Assets.xcassets; sourceTree = "<group>"; };
		C9BE0FD723A733E7000E25FC /* Base */ = {isa = PBXFileReference; lastKnownFileType = file.xib; name = Base; path = Base.lproj/MainMenu.xib; sourceTree = "<group>"; };
		C9BE0FD923A733E7000E25FC /* Info.plist */ = {isa = PBXFileReference; lastKnownFileType = text.plist.xml; path = Info.plist; sourceTree = "<group>"; };
		C9BE0FDA23A733E7000E25FC /* main.m */ = {isa = PBXFileReference; lastKnownFileType = sourcecode.c.objc; path = main.m; sourceTree = "<group>"; };
		C9BE0FDC23A733E7000E25FC /* WAD_Editor.entitlements */ = {isa = PBXFileReference; lastKnownFileType = text.plist.entitlements; path = WAD_Editor.entitlements; sourceTree = "<group>"; };
		C9BE0FE123A733E7000E25FC /* WAD EditorTests.xctest */ = {isa = PBXFileReference; explicitFileType = wrapper.cfbundle; includeInIndex = 0; path = "WAD EditorTests.xctest"; sourceTree = BUILT_PRODUCTS_DIR; };
		C9BE0FE523A733E7000E25FC /* WAD_EditorTests.m */ = {isa = PBXFileReference; lastKnownFileType = sourcecode.c.objc; path = WAD_EditorTests.m; sourceTree = "<group>"; };
		C9BE0FE723A733E7000E25FC /* Info.plist */ = {isa = PBXFileReference; lastKnownFileType = text.plist.xml; path = Info.plist; sourceTree = "<group>"; };
		C9BE0FEC23A733E7000E25FC /* WAD EditorUITests.xctest */ = {isa = PBXFileReference; explicitFileType = wrapper.cfbundle; includeInIndex = 0; path = "WAD EditorUITests.xctest"; sourceTree = BUILT_PRODUCTS_DIR; };
		C9BE0FF023A733E7000E25FC /* WAD_EditorUITests.m */ = {isa = PBXFileReference; lastKnownFileType = sourcecode.c.objc; path = WAD_EditorUITests.m; sourceTree = "<group>"; };
		C9BE0FF223A733E7000E25FC /* Info.plist */ = {isa = PBXFileReference; lastKnownFileType = text.plist.xml; path = Info.plist; sourceTree = "<group>"; };
		C9BE0FFF23A7341E000E25FC /* libwad_kit.a */ = {isa = PBXFileReference; explicitFileType = archive.ar; path = libwad_kit.a; sourceTree = BUILT_PRODUCTS_DIR; };
		C9BE100123A73434000E25FC /* Metal.framework */ = {isa = PBXFileReference; lastKnownFileType = wrapper.framework; name = Metal.framework; path = System/Library/Frameworks/Metal.framework; sourceTree = SDKROOT; };
		C9BE100223A73434000E25FC /* MetalPerformanceShaders.framework */ = {isa = PBXFileReference; lastKnownFileType = wrapper.framework; name = MetalPerformanceShaders.framework; path = System/Library/Frameworks/MetalPerformanceShaders.framework; sourceTree = SDKROOT; };
		C9BE100323A73434000E25FC /* MetalKit.framework */ = {isa = PBXFileReference; lastKnownFileType = wrapper.framework; name = MetalKit.framework; path = System/Library/Frameworks/MetalKit.framework; sourceTree = SDKROOT; };
		C9BE100723A761D1000E25FC /* MainWindow.h */ = {isa = PBXFileReference; lastKnownFileType = sourcecode.c.h; path = MainWindow.h; sourceTree = "<group>"; };
		C9BE100823A761D1000E25FC /* MainWindow.m */ = {isa = PBXFileReference; lastKnownFileType = sourcecode.c.objc; path = MainWindow.m; sourceTree = "<group>"; };
		C9BE3B1D248BC88600C430A1 /* editor_selected_entity_type.h */ = {isa = PBXFileReference; lastKnownFileType = sourcecode.c.h; path = editor_selected_entity_type.h; sourceTree = "<group>"; };
		C9E2BE7F247D695C006FF2AE /* tut1.raw */ = {isa = PBXFileReference; fileEncoding = 4; lastKnownFileType = text; path = tut1.raw; sourceTree = "<group>"; };
		C9E2BE80247D695C006FF2AE /* tut1.TOM */ = {isa = PBXFileReference; lastKnownFileType = file; path = tut1.TOM; sourceTree = "<group>"; };
		C9E2BE81247D695C006FF2AE /* tut1.sfx */ = {isa = PBXFileReference; lastKnownFileType = file; path = tut1.sfx; sourceTree = "<group>"; };
		C9E2BE82247D695C006FF2AE /* tut1.WAS */ = {isa = PBXFileReference; fileEncoding = 4; lastKnownFileType = text; path = tut1.WAS; sourceTree = "<group>"; };
		C9E2BE83247D695C006FF2AE /* tut1.lar */ = {isa = PBXFileReference; lastKnownFileType = file; path = tut1.lar; sourceTree = "<group>"; };
		C9E2BE84247D695C006FF2AE /* tut1.WAD */ = {isa = PBXFileReference; lastKnownFileType = file; path = tut1.WAD; sourceTree = "<group>"; };
		C9E2BE85247D695C006FF2AE /* tut1.sam */ = {isa = PBXFileReference; fileEncoding = 4; lastKnownFileType = text; path = tut1.sam; sourceTree = "<group>"; };
		C9E2BE86247D695C006FF2AE /* tut1.SWD */ = {isa = PBXFileReference; lastKnownFileType = file; path = tut1.SWD; sourceTree = "<group>"; };
		C9E2BE87247D695C006FF2AE /* tut1.CD */ = {isa = PBXFileReference; fileEncoding = 4; lastKnownFileType = text; path = tut1.CD; sourceTree = "<group>"; };
		C9E2BE91247D7187006FF2AE /* WadKitView.h */ = {isa = PBXFileReference; lastKnownFileType = sourcecode.c.h; path = WadKitView.h; sourceTree = "<group>"; };
		C9E2BE92247D7187006FF2AE /* WadKitView.m */ = {isa = PBXFileReference; lastKnownFileType = sourcecode.c.objc; path = WadKitView.m; sourceTree = "<group>"; };
/* End PBXFileReference section */

/* Begin PBXFrameworksBuildPhase section */
		C9BE0FCB23A733E3000E25FC /* Frameworks */ = {
			isa = PBXFrameworksBuildPhase;
			buildActionMask = 2147483647;
			files = (
				C9BE100423A73434000E25FC /* Metal.framework in Frameworks */,
				C9BE100623A73434000E25FC /* MetalKit.framework in Frameworks */,
				C9349FA8248CF5420044565D /* libwad_editor_lib_macos.a in Frameworks */,
				C9BE100523A73434000E25FC /* MetalPerformanceShaders.framework in Frameworks */,
				C9BE100023A7341E000E25FC /* libwad_kit.a in Frameworks */,
			);
			runOnlyForDeploymentPostprocessing = 0;
		};
		C9BE0FDE23A733E7000E25FC /* Frameworks */ = {
			isa = PBXFrameworksBuildPhase;
			buildActionMask = 2147483647;
			files = (
			);
			runOnlyForDeploymentPostprocessing = 0;
		};
		C9BE0FE923A733E7000E25FC /* Frameworks */ = {
			isa = PBXFrameworksBuildPhase;
			buildActionMask = 2147483647;
			files = (
			);
			runOnlyForDeploymentPostprocessing = 0;
		};
/* End PBXFrameworksBuildPhase section */

/* Begin PBXGroup section */
		C9453C8A2495023C00604E60 /* Wad items data source */ = {
			isa = PBXGroup;
			children = (
				C97A411F2498191C0031ACD3 /* WadItem.h */,
				C97A41202498191C0031ACD3 /* WadItem.m */,
				C9453C8B2495068200604E60 /* WadItemView.h */,
				C9453C8C2495068200604E60 /* WadItemView.m */,
				C9453C872495023600604E60 /* WadItemsDataSource.h */,
				C9453C882495023600604E60 /* WadItemsDataSource.m */,
			);
			name = "Wad items data source";
			sourceTree = "<group>";
		};
		C977D34E24865C21002A7D6B /* WadKit view */ = {
			isa = PBXGroup;
			children = (
				C94F5646248644DA0089C915 /* WadKitViewDelegate.h */,
				C94F5647248644DA0089C915 /* WadKitViewDelegate.m */,
				C9E2BE91247D7187006FF2AE /* WadKitView.h */,
				C9E2BE92247D7187006FF2AE /* WadKitView.m */,
			);
			name = "WadKit view";
			sourceTree = "<group>";
		};
		C977D35024865C49002A7D6B /* Resource storage */ = {
			isa = PBXGroup;
			children = (
				C98AC97324864E830096BDCC /* TextureReflection.h */,
				C98AC97424864E830096BDCC /* TextureReflection.m */,
				C93EB5B22486C3D6001CDE59 /* SubmeshGenerator.h */,
				C93EB5B32486C3D6001CDE59 /* SubmeshGenerator.m */,
				C977D3612486931A002A7D6B /* Submesh.h */,
				C977D3622486931A002A7D6B /* Submesh.m */,
				C977D35E2486930A002A7D6B /* MeshReflection.h */,
				C977D35F2486930A002A7D6B /* MeshReflection.m */,
				C94F565024864D3A0089C915 /* ResourceStorage.h */,
				C94F565124864D3A0089C915 /* ResourceStorage.m */,
			);
			name = "Resource storage";
			sourceTree = "<group>";
		};
		C977D35124865C6F002A7D6B /* Renderer */ = {
			isa = PBXGroup;
			children = (
				C977D35224865C93002A7D6B /* WKRenderer.h */,
				C977D35324865C93002A7D6B /* WKRenderer.m */,
				C977D35A2486855D002A7D6B /* RendererTypes.h */,
				C9A3ACAC2487D47A002FD496 /* triangle_shaders.metal */,
				C983F82C248CCB7800211C5F /* colored_line_shaders.metal */,
			);
			name = Renderer;
			sourceTree = "<group>";
		};
		C977D35524865E91002A7D6B /* DEPRECATED Editor */ = {
			isa = PBXGroup;
			children = (
				C977D359248661CA002A7D6B /* WKViewport.h */,
				C9B6FAD7248AA974006DBCA7 /* WKEditorDelegate.h */,
				C9BE3B1D248BC88600C430A1 /* editor_selected_entity_type.h */,
				C977D35624865EA0002A7D6B /* WKEditor.h */,
				C977D35724865EA0002A7D6B /* WKEditor.m */,
			);
			name = "DEPRECATED Editor";
			sourceTree = "<group>";
		};
		C9B6FAD3248A96E1006DBCA7 /* UI */ = {
			isa = PBXGroup;
			children = (
				C9453C8A2495023C00604E60 /* Wad items data source */,
				C9B6FAD4248A9739006DBCA7 /* WKOutlineCellView.h */,
				C9B6FAD5248A9739006DBCA7 /* WKOutlineCellView.m */,
				C9B6FADB248AB0F0006DBCA7 /* WKOutlineItem.h */,
				C9B6FADC248AB0F0006DBCA7 /* WKOutlineItem.m */,
				C9B6FAD8248AB06E006DBCA7 /* WKOutlineDataSource.h */,
				C9B6FAD9248AB06E006DBCA7 /* WKOutlineDataSource.m */,
				C9BE100723A761D1000E25FC /* MainWindow.h */,
				C9BE100823A761D1000E25FC /* MainWindow.m */,
			);
			name = UI;
			sourceTree = "<group>";
		};
		C9BE0FC523A733E3000E25FC = {
			isa = PBXGroup;
			children = (
				C9E2BE7E247D690D006FF2AE /* Test wad */,
				C9BE0FD023A733E3000E25FC /* WAD Editor */,
				C9BE0FE423A733E7000E25FC /* WAD EditorTests */,
				C9BE0FEF23A733E7000E25FC /* WAD EditorUITests */,
				C9BE0FCF23A733E3000E25FC /* Products */,
				C9BE0FFE23A7341E000E25FC /* Frameworks */,
			);
			sourceTree = "<group>";
		};
		C9BE0FCF23A733E3000E25FC /* Products */ = {
			isa = PBXGroup;
			children = (
				C9BE0FCE23A733E3000E25FC /* WAD Editor.app */,
				C9BE0FE123A733E7000E25FC /* WAD EditorTests.xctest */,
				C9BE0FEC23A733E7000E25FC /* WAD EditorUITests.xctest */,
			);
			name = Products;
			sourceTree = "<group>";
		};
		C9BE0FD023A733E3000E25FC /* WAD Editor */ = {
			isa = PBXGroup;
			children = (
				C97D12C62494C040005EAC04 /* wad_editor_lib_link.h */,
				C9BE0FD123A733E3000E25FC /* AppDelegate.h */,
				C9BE0FD223A733E3000E25FC /* AppDelegate.m */,
				C977D35024865C49002A7D6B /* Resource storage */,
				C977D35524865E91002A7D6B /* DEPRECATED Editor */,
				C977D35124865C6F002A7D6B /* Renderer */,
				C977D34E24865C21002A7D6B /* WadKit view */,
				C9B6FAD3248A96E1006DBCA7 /* UI */,
				C9BE0FD423A733E7000E25FC /* Assets.xcassets */,
				C9BC729423AD560100EFE0D7 /* Window.xib */,
				C9BE0FD623A733E7000E25FC /* MainMenu.xib */,
				C9BE0FD923A733E7000E25FC /* Info.plist */,
				C9BE0FDA23A733E7000E25FC /* main.m */,
				C9BE0FDC23A733E7000E25FC /* WAD_Editor.entitlements */,
			);
			path = "WAD Editor";
			sourceTree = "<group>";
		};
		C9BE0FE423A733E7000E25FC /* WAD EditorTests */ = {
			isa = PBXGroup;
			children = (
				C9BE0FE523A733E7000E25FC /* WAD_EditorTests.m */,
				C9BE0FE723A733E7000E25FC /* Info.plist */,
			);
			path = "WAD EditorTests";
			sourceTree = "<group>";
		};
		C9BE0FEF23A733E7000E25FC /* WAD EditorUITests */ = {
			isa = PBXGroup;
			children = (
				C9BE0FF023A733E7000E25FC /* WAD_EditorUITests.m */,
				C9BE0FF223A733E7000E25FC /* Info.plist */,
			);
			path = "WAD EditorUITests";
			sourceTree = "<group>";
		};
		C9BE0FFE23A7341E000E25FC /* Frameworks */ = {
			isa = PBXGroup;
			children = (
				C9349FA7248CF5420044565D /* libwad_editor_lib_macos.a */,
				C9BE100123A73434000E25FC /* Metal.framework */,
				C9BE100323A73434000E25FC /* MetalKit.framework */,
				C9BE100223A73434000E25FC /* MetalPerformanceShaders.framework */,
				C9BE0FFF23A7341E000E25FC /* libwad_kit.a */,
			);
			name = Frameworks;
			sourceTree = "<group>";
		};
		C9E2BE7E247D690D006FF2AE /* Test wad */ = {
			isa = PBXGroup;
			children = (
				C9E2BE87247D695C006FF2AE /* tut1.CD */,
				C9E2BE83247D695C006FF2AE /* tut1.lar */,
				C9E2BE7F247D695C006FF2AE /* tut1.raw */,
				C9E2BE85247D695C006FF2AE /* tut1.sam */,
				C9E2BE81247D695C006FF2AE /* tut1.sfx */,
				C9E2BE86247D695C006FF2AE /* tut1.SWD */,
				C9E2BE80247D695C006FF2AE /* tut1.TOM */,
				C9E2BE84247D695C006FF2AE /* tut1.WAD */,
				C9E2BE82247D695C006FF2AE /* tut1.WAS */,
			);
			path = "Test wad";
			sourceTree = "<group>";
		};
/* End PBXGroup section */

/* Begin PBXNativeTarget section */
		C9BE0FCD23A733E3000E25FC /* WAD Editor */ = {
			isa = PBXNativeTarget;
			buildConfigurationList = C9BE0FF523A733E7000E25FC /* Build configuration list for PBXNativeTarget "WAD Editor" */;
			buildPhases = (
				C9BE0FCA23A733E3000E25FC /* Sources */,
				C9BE0FCB23A733E3000E25FC /* Frameworks */,
				C9BE0FCC23A733E3000E25FC /* Resources */,
			);
			buildRules = (
			);
			dependencies = (
			);
			name = "WAD Editor";
			productName = "WAD Editor";
			productReference = C9BE0FCE23A733E3000E25FC /* WAD Editor.app */;
			productType = "com.apple.product-type.application";
		};
		C9BE0FE023A733E7000E25FC /* WAD EditorTests */ = {
			isa = PBXNativeTarget;
			buildConfigurationList = C9BE0FF823A733E7000E25FC /* Build configuration list for PBXNativeTarget "WAD EditorTests" */;
			buildPhases = (
				C9BE0FDD23A733E7000E25FC /* Sources */,
				C9BE0FDE23A733E7000E25FC /* Frameworks */,
				C9BE0FDF23A733E7000E25FC /* Resources */,
			);
			buildRules = (
			);
			dependencies = (
				C9BE0FE323A733E7000E25FC /* PBXTargetDependency */,
			);
			name = "WAD EditorTests";
			productName = "WAD EditorTests";
			productReference = C9BE0FE123A733E7000E25FC /* WAD EditorTests.xctest */;
			productType = "com.apple.product-type.bundle.unit-test";
		};
		C9BE0FEB23A733E7000E25FC /* WAD EditorUITests */ = {
			isa = PBXNativeTarget;
			buildConfigurationList = C9BE0FFB23A733E7000E25FC /* Build configuration list for PBXNativeTarget "WAD EditorUITests" */;
			buildPhases = (
				C9BE0FE823A733E7000E25FC /* Sources */,
				C9BE0FE923A733E7000E25FC /* Frameworks */,
				C9BE0FEA23A733E7000E25FC /* Resources */,
			);
			buildRules = (
			);
			dependencies = (
				C9BE0FEE23A733E7000E25FC /* PBXTargetDependency */,
			);
			name = "WAD EditorUITests";
			productName = "WAD EditorUITests";
			productReference = C9BE0FEC23A733E7000E25FC /* WAD EditorUITests.xctest */;
			productType = "com.apple.product-type.bundle.ui-testing";
		};
/* End PBXNativeTarget section */

/* Begin PBXProject section */
		C9BE0FC623A733E3000E25FC /* Project object */ = {
			isa = PBXProject;
			attributes = {
				LastUpgradeCheck = 1150;
				ORGANIZATIONNAME = "Eugene Lutz";
				TargetAttributes = {
					C9BE0FCD23A733E3000E25FC = {
						CreatedOnToolsVersion = 11.3;
					};
					C9BE0FE023A733E7000E25FC = {
						CreatedOnToolsVersion = 11.3;
						TestTargetID = C9BE0FCD23A733E3000E25FC;
					};
					C9BE0FEB23A733E7000E25FC = {
						CreatedOnToolsVersion = 11.3;
						TestTargetID = C9BE0FCD23A733E3000E25FC;
					};
				};
			};
			buildConfigurationList = C9BE0FC923A733E3000E25FC /* Build configuration list for PBXProject "WAD Editor" */;
			compatibilityVersion = "Xcode 9.3";
			developmentRegion = en;
			hasScannedForEncodings = 0;
			knownRegions = (
				en,
				Base,
			);
			mainGroup = C9BE0FC523A733E3000E25FC;
			productRefGroup = C9BE0FCF23A733E3000E25FC /* Products */;
			projectDirPath = "";
			projectRoot = "";
			targets = (
				C9BE0FCD23A733E3000E25FC /* WAD Editor */,
				C9BE0FE023A733E7000E25FC /* WAD EditorTests */,
				C9BE0FEB23A733E7000E25FC /* WAD EditorUITests */,
			);
		};
/* End PBXProject section */

/* Begin PBXResourcesBuildPhase section */
		C9BE0FCC23A733E3000E25FC /* Resources */ = {
			isa = PBXResourcesBuildPhase;
			buildActionMask = 2147483647;
			files = (
				C9E2BE8B247D695C006FF2AE /* tut1.WAS in Resources */,
				C9BE0FD523A733E7000E25FC /* Assets.xcassets in Resources */,
				C9E2BE8A247D695C006FF2AE /* tut1.sfx in Resources */,
				C9E2BE8C247D695C006FF2AE /* tut1.lar in Resources */,
				C9E2BE89247D695C006FF2AE /* tut1.TOM in Resources */,
				C9E2BE8E247D695C006FF2AE /* tut1.sam in Resources */,
				C9E2BE90247D695C006FF2AE /* tut1.CD in Resources */,
				C9E2BE8D247D695C006FF2AE /* tut1.WAD in Resources */,
				C9BE0FD823A733E7000E25FC /* MainMenu.xib in Resources */,
				C9E2BE88247D695C006FF2AE /* tut1.raw in Resources */,
				C9E2BE8F247D695C006FF2AE /* tut1.SWD in Resources */,
				C9BC729523AD560100EFE0D7 /* Window.xib in Resources */,
			);
			runOnlyForDeploymentPostprocessing = 0;
		};
		C9BE0FDF23A733E7000E25FC /* Resources */ = {
			isa = PBXResourcesBuildPhase;
			buildActionMask = 2147483647;
			files = (
			);
			runOnlyForDeploymentPostprocessing = 0;
		};
		C9BE0FEA23A733E7000E25FC /* Resources */ = {
			isa = PBXResourcesBuildPhase;
			buildActionMask = 2147483647;
			files = (
			);
			runOnlyForDeploymentPostprocessing = 0;
		};
/* End PBXResourcesBuildPhase section */

/* Begin PBXSourcesBuildPhase section */
		C9BE0FCA23A733E3000E25FC /* Sources */ = {
			isa = PBXSourcesBuildPhase;
			buildActionMask = 2147483647;
			files = (
				C9B6FAD6248A9739006DBCA7 /* WKOutlineCellView.m in Sources */,
				C9B6FADD248AB0F0006DBCA7 /* WKOutlineItem.m in Sources */,
				C93EB5B42486C3D6001CDE59 /* SubmeshGenerator.m in Sources */,
				C977D3602486930A002A7D6B /* MeshReflection.m in Sources */,
				C977D35424865C93002A7D6B /* WKRenderer.m in Sources */,
				C977D35824865EA0002A7D6B /* WKEditor.m in Sources */,
				C94F5648248644DA0089C915 /* WadKitViewDelegate.m in Sources */,
				C983F82D248CCB7800211C5F /* colored_line_shaders.metal in Sources */,
				C9BE0FDB23A733E7000E25FC /* main.m in Sources */,
				C94F565224864D3A0089C915 /* ResourceStorage.m in Sources */,
				C9453C8D2495068200604E60 /* WadItemView.m in Sources */,
				C9A3ACAD2487D47A002FD496 /* triangle_shaders.metal in Sources */,
				C9BE0FD323A733E3000E25FC /* AppDelegate.m in Sources */,
				C9BE100923A761D1000E25FC /* MainWindow.m in Sources */,
				C97A41212498191C0031ACD3 /* WadItem.m in Sources */,
				C9453C892495023600604E60 /* WadItemsDataSource.m in Sources */,
				C9E2BE93247D7187006FF2AE /* WadKitView.m in Sources */,
				C9B6FADA248AB06E006DBCA7 /* WKOutlineDataSource.m in Sources */,
				C98AC97524864E830096BDCC /* TextureReflection.m in Sources */,
				C977D3632486931A002A7D6B /* Submesh.m in Sources */,
			);
			runOnlyForDeploymentPostprocessing = 0;
		};
		C9BE0FDD23A733E7000E25FC /* Sources */ = {
			isa = PBXSourcesBuildPhase;
			buildActionMask = 2147483647;
			files = (
				C9BE0FE623A733E7000E25FC /* WAD_EditorTests.m in Sources */,
			);
			runOnlyForDeploymentPostprocessing = 0;
		};
		C9BE0FE823A733E7000E25FC /* Sources */ = {
			isa = PBXSourcesBuildPhase;
			buildActionMask = 2147483647;
			files = (
				C9BE0FF123A733E7000E25FC /* WAD_EditorUITests.m in Sources */,
			);
			runOnlyForDeploymentPostprocessing = 0;
		};
/* End PBXSourcesBuildPhase section */

/* Begin PBXTargetDependency section */
		C9BE0FE323A733E7000E25FC /* PBXTargetDependency */ = {
			isa = PBXTargetDependency;
			target = C9BE0FCD23A733E3000E25FC /* WAD Editor */;
			targetProxy = C9BE0FE223A733E7000E25FC /* PBXContainerItemProxy */;
		};
		C9BE0FEE23A733E7000E25FC /* PBXTargetDependency */ = {
			isa = PBXTargetDependency;
			target = C9BE0FCD23A733E3000E25FC /* WAD Editor */;
			targetProxy = C9BE0FED23A733E7000E25FC /* PBXContainerItemProxy */;
		};
/* End PBXTargetDependency section */

/* Begin PBXVariantGroup section */
		C9BE0FD623A733E7000E25FC /* MainMenu.xib */ = {
			isa = PBXVariantGroup;
			children = (
				C9BE0FD723A733E7000E25FC /* Base */,
			);
			name = MainMenu.xib;
			sourceTree = "<group>";
		};
/* End PBXVariantGroup section */

/* Begin XCBuildConfiguration section */
		C9BE0FF323A733E7000E25FC /* Debug */ = {
			isa = XCBuildConfiguration;
			buildSettings = {
				ALWAYS_SEARCH_USER_PATHS = NO;
				CLANG_ANALYZER_NONNULL = YES;
				CLANG_ANALYZER_NUMBER_OBJECT_CONVERSION = YES_AGGRESSIVE;
				CLANG_CXX_LANGUAGE_STANDARD = "gnu++14";
				CLANG_CXX_LIBRARY = "libc++";
				CLANG_ENABLE_MODULES = YES;
				CLANG_ENABLE_OBJC_ARC = YES;
				CLANG_ENABLE_OBJC_WEAK = YES;
				CLANG_WARN_BLOCK_CAPTURE_AUTORELEASING = YES;
				CLANG_WARN_BOOL_CONVERSION = YES;
				CLANG_WARN_COMMA = YES;
				CLANG_WARN_CONSTANT_CONVERSION = YES;
				CLANG_WARN_DEPRECATED_OBJC_IMPLEMENTATIONS = YES;
				CLANG_WARN_DIRECT_OBJC_ISA_USAGE = YES_ERROR;
				CLANG_WARN_DOCUMENTATION_COMMENTS = YES;
				CLANG_WARN_EMPTY_BODY = YES;
				CLANG_WARN_ENUM_CONVERSION = YES;
				CLANG_WARN_INFINITE_RECURSION = YES;
				CLANG_WARN_INT_CONVERSION = YES;
				CLANG_WARN_NON_LITERAL_NULL_CONVERSION = YES;
				CLANG_WARN_OBJC_IMPLICIT_RETAIN_SELF = YES;
				CLANG_WARN_OBJC_LITERAL_CONVERSION = YES;
				CLANG_WARN_OBJC_ROOT_CLASS = YES_ERROR;
				CLANG_WARN_RANGE_LOOP_ANALYSIS = YES;
				CLANG_WARN_STRICT_PROTOTYPES = YES;
				CLANG_WARN_SUSPICIOUS_MOVE = YES;
				CLANG_WARN_UNGUARDED_AVAILABILITY = YES_AGGRESSIVE;
				CLANG_WARN_UNREACHABLE_CODE = YES;
				CLANG_WARN__DUPLICATE_METHOD_MATCH = YES;
				COPY_PHASE_STRIP = NO;
				DEBUG_INFORMATION_FORMAT = dwarf;
				ENABLE_STRICT_OBJC_MSGSEND = YES;
				ENABLE_TESTABILITY = YES;
				GCC_C_LANGUAGE_STANDARD = gnu11;
				GCC_DYNAMIC_NO_PIC = NO;
				GCC_NO_COMMON_BLOCKS = YES;
				GCC_OPTIMIZATION_LEVEL = 0;
				GCC_PREPROCESSOR_DEFINITIONS = (
					"DEBUG=1",
					"$(inherited)",
				);
				GCC_WARN_64_TO_32_BIT_CONVERSION = YES;
				GCC_WARN_ABOUT_RETURN_TYPE = YES_ERROR;
				GCC_WARN_UNDECLARED_SELECTOR = YES;
				GCC_WARN_UNINITIALIZED_AUTOS = YES_AGGRESSIVE;
				GCC_WARN_UNUSED_FUNCTION = YES;
				GCC_WARN_UNUSED_VARIABLE = YES;
				MACOSX_DEPLOYMENT_TARGET = 10.15;
				MTL_ENABLE_DEBUG_INFO = INCLUDE_SOURCE;
				MTL_FAST_MATH = YES;
				ONLY_ACTIVE_ARCH = YES;
				SDKROOT = macosx;
			};
			name = Debug;
		};
		C9BE0FF423A733E7000E25FC /* Release */ = {
			isa = XCBuildConfiguration;
			buildSettings = {
				ALWAYS_SEARCH_USER_PATHS = NO;
				CLANG_ANALYZER_NONNULL = YES;
				CLANG_ANALYZER_NUMBER_OBJECT_CONVERSION = YES_AGGRESSIVE;
				CLANG_CXX_LANGUAGE_STANDARD = "gnu++14";
				CLANG_CXX_LIBRARY = "libc++";
				CLANG_ENABLE_MODULES = YES;
				CLANG_ENABLE_OBJC_ARC = YES;
				CLANG_ENABLE_OBJC_WEAK = YES;
				CLANG_WARN_BLOCK_CAPTURE_AUTORELEASING = YES;
				CLANG_WARN_BOOL_CONVERSION = YES;
				CLANG_WARN_COMMA = YES;
				CLANG_WARN_CONSTANT_CONVERSION = YES;
				CLANG_WARN_DEPRECATED_OBJC_IMPLEMENTATIONS = YES;
				CLANG_WARN_DIRECT_OBJC_ISA_USAGE = YES_ERROR;
				CLANG_WARN_DOCUMENTATION_COMMENTS = YES;
				CLANG_WARN_EMPTY_BODY = YES;
				CLANG_WARN_ENUM_CONVERSION = YES;
				CLANG_WARN_INFINITE_RECURSION = YES;
				CLANG_WARN_INT_CONVERSION = YES;
				CLANG_WARN_NON_LITERAL_NULL_CONVERSION = YES;
				CLANG_WARN_OBJC_IMPLICIT_RETAIN_SELF = YES;
				CLANG_WARN_OBJC_LITERAL_CONVERSION = YES;
				CLANG_WARN_OBJC_ROOT_CLASS = YES_ERROR;
				CLANG_WARN_RANGE_LOOP_ANALYSIS = YES;
				CLANG_WARN_STRICT_PROTOTYPES = YES;
				CLANG_WARN_SUSPICIOUS_MOVE = YES;
				CLANG_WARN_UNGUARDED_AVAILABILITY = YES_AGGRESSIVE;
				CLANG_WARN_UNREACHABLE_CODE = YES;
				CLANG_WARN__DUPLICATE_METHOD_MATCH = YES;
				COPY_PHASE_STRIP = NO;
				DEBUG_INFORMATION_FORMAT = "dwarf-with-dsym";
				ENABLE_NS_ASSERTIONS = NO;
				ENABLE_STRICT_OBJC_MSGSEND = YES;
				GCC_C_LANGUAGE_STANDARD = gnu11;
				GCC_NO_COMMON_BLOCKS = YES;
				GCC_WARN_64_TO_32_BIT_CONVERSION = YES;
				GCC_WARN_ABOUT_RETURN_TYPE = YES_ERROR;
				GCC_WARN_UNDECLARED_SELECTOR = YES;
				GCC_WARN_UNINITIALIZED_AUTOS = YES_AGGRESSIVE;
				GCC_WARN_UNUSED_FUNCTION = YES;
				GCC_WARN_UNUSED_VARIABLE = YES;
				MACOSX_DEPLOYMENT_TARGET = 10.15;
				MTL_ENABLE_DEBUG_INFO = NO;
				MTL_FAST_MATH = YES;
				SDKROOT = macosx;
			};
			name = Release;
		};
		C9BE0FF623A733E7000E25FC /* Debug */ = {
			isa = XCBuildConfiguration;
			buildSettings = {
				ASSETCATALOG_COMPILER_APPICON_NAME = AppIcon;
				CODE_SIGN_ENTITLEMENTS = "WAD Editor/WAD_Editor.entitlements";
				CODE_SIGN_IDENTITY = "Apple Development";
				CODE_SIGN_STYLE = Automatic;
				COMBINE_HIDPI_IMAGES = YES;
				DEVELOPMENT_TEAM = 7N525N28LV;
				ENABLE_HARDENED_RUNTIME = YES;
				INFOPLIST_FILE = "WAD Editor/Info.plist";
				LD_RUNPATH_SEARCH_PATHS = (
					"$(inherited)",
					"@executable_path/../Frameworks",
				);
				PRODUCT_BUNDLE_IDENTIFIER = "com.Eugene-Lutz.WAD-Editor";
				PRODUCT_NAME = "$(TARGET_NAME)";
			};
			name = Debug;
		};
		C9BE0FF723A733E7000E25FC /* Release */ = {
			isa = XCBuildConfiguration;
			buildSettings = {
				ASSETCATALOG_COMPILER_APPICON_NAME = AppIcon;
				CODE_SIGN_ENTITLEMENTS = "WAD Editor/WAD_Editor.entitlements";
				CODE_SIGN_IDENTITY = "Apple Development";
				CODE_SIGN_STYLE = Automatic;
				COMBINE_HIDPI_IMAGES = YES;
				DEVELOPMENT_TEAM = 7N525N28LV;
				ENABLE_HARDENED_RUNTIME = YES;
				INFOPLIST_FILE = "WAD Editor/Info.plist";
				LD_RUNPATH_SEARCH_PATHS = (
					"$(inherited)",
					"@executable_path/../Frameworks",
				);
				PRODUCT_BUNDLE_IDENTIFIER = "com.Eugene-Lutz.WAD-Editor";
				PRODUCT_NAME = "$(TARGET_NAME)";
			};
			name = Release;
		};
		C9BE0FF923A733E7000E25FC /* Debug */ = {
			isa = XCBuildConfiguration;
			buildSettings = {
				BUNDLE_LOADER = "$(TEST_HOST)";
				CODE_SIGN_STYLE = Automatic;
				COMBINE_HIDPI_IMAGES = YES;
				DEVELOPMENT_TEAM = 7N525N28LV;
				INFOPLIST_FILE = "WAD EditorTests/Info.plist";
				LD_RUNPATH_SEARCH_PATHS = (
					"$(inherited)",
					"@executable_path/../Frameworks",
					"@loader_path/../Frameworks",
				);
				MACOSX_DEPLOYMENT_TARGET = 10.15;
				PRODUCT_BUNDLE_IDENTIFIER = "com.Eugene-Lutz.WAD-EditorTests";
				PRODUCT_NAME = "$(TARGET_NAME)";
				TEST_HOST = "$(BUILT_PRODUCTS_DIR)/WAD Editor.app/Contents/MacOS/WAD Editor";
			};
			name = Debug;
		};
		C9BE0FFA23A733E7000E25FC /* Release */ = {
			isa = XCBuildConfiguration;
			buildSettings = {
				BUNDLE_LOADER = "$(TEST_HOST)";
				CODE_SIGN_STYLE = Automatic;
				COMBINE_HIDPI_IMAGES = YES;
				DEVELOPMENT_TEAM = 7N525N28LV;
				INFOPLIST_FILE = "WAD EditorTests/Info.plist";
				LD_RUNPATH_SEARCH_PATHS = (
					"$(inherited)",
					"@executable_path/../Frameworks",
					"@loader_path/../Frameworks",
				);
				MACOSX_DEPLOYMENT_TARGET = 10.15;
				PRODUCT_BUNDLE_IDENTIFIER = "com.Eugene-Lutz.WAD-EditorTests";
				PRODUCT_NAME = "$(TARGET_NAME)";
				TEST_HOST = "$(BUILT_PRODUCTS_DIR)/WAD Editor.app/Contents/MacOS/WAD Editor";
			};
			name = Release;
		};
		C9BE0FFC23A733E7000E25FC /* Debug */ = {
			isa = XCBuildConfiguration;
			buildSettings = {
				CODE_SIGN_STYLE = Automatic;
				COMBINE_HIDPI_IMAGES = YES;
				DEVELOPMENT_TEAM = 7N525N28LV;
				INFOPLIST_FILE = "WAD EditorUITests/Info.plist";
				LD_RUNPATH_SEARCH_PATHS = (
					"$(inherited)",
					"@executable_path/../Frameworks",
					"@loader_path/../Frameworks",
				);
				PRODUCT_BUNDLE_IDENTIFIER = "com.Eugene-Lutz.WAD-EditorUITests";
				PRODUCT_NAME = "$(TARGET_NAME)";
				TEST_TARGET_NAME = "WAD Editor";
			};
			name = Debug;
		};
		C9BE0FFD23A733E7000E25FC /* Release */ = {
			isa = XCBuildConfiguration;
			buildSettings = {
				CODE_SIGN_STYLE = Automatic;
				COMBINE_HIDPI_IMAGES = YES;
				DEVELOPMENT_TEAM = 7N525N28LV;
				INFOPLIST_FILE = "WAD EditorUITests/Info.plist";
				LD_RUNPATH_SEARCH_PATHS = (
					"$(inherited)",
					"@executable_path/../Frameworks",
					"@loader_path/../Frameworks",
				);
				PRODUCT_BUNDLE_IDENTIFIER = "com.Eugene-Lutz.WAD-EditorUITests";
				PRODUCT_NAME = "$(TARGET_NAME)";
				TEST_TARGET_NAME = "WAD Editor";
			};
			name = Release;
		};
/* End XCBuildConfiguration section */

/* Begin XCConfigurationList section */
		C9BE0FC923A733E3000E25FC /* Build configuration list for PBXProject "WAD Editor" */ = {
			isa = XCConfigurationList;
			buildConfigurations = (
				C9BE0FF323A733E7000E25FC /* Debug */,
				C9BE0FF423A733E7000E25FC /* Release */,
			);
			defaultConfigurationIsVisible = 0;
			defaultConfigurationName = Release;
		};
		C9BE0FF523A733E7000E25FC /* Build configuration list for PBXNativeTarget "WAD Editor" */ = {
			isa = XCConfigurationList;
			buildConfigurations = (
				C9BE0FF623A733E7000E25FC /* Debug */,
				C9BE0FF723A733E7000E25FC /* Release */,
			);
			defaultConfigurationIsVisible = 0;
			defaultConfigurationName = Release;
		};
		C9BE0FF823A733E7000E25FC /* Build configuration list for PBXNativeTarget "WAD EditorTests" */ = {
			isa = XCConfigurationList;
			buildConfigurations = (
				C9BE0FF923A733E7000E25FC /* Debug */,
				C9BE0FFA23A733E7000E25FC /* Release */,
			);
			defaultConfigurationIsVisible = 0;
			defaultConfigurationName = Release;
		};
		C9BE0FFB23A733E7000E25FC /* Build configuration list for PBXNativeTarget "WAD EditorUITests" */ = {
			isa = XCConfigurationList;
			buildConfigurations = (
				C9BE0FFC23A733E7000E25FC /* Debug */,
				C9BE0FFD23A733E7000E25FC /* Release */,
			);
			defaultConfigurationIsVisible = 0;
			defaultConfigurationName = Release;
		};
/* End XCConfigurationList section */
	};
	rootObject = C9BE0FC623A733E3000E25FC /* Project object */;
}
