// !$*UTF8*$!
{
	archiveVersion = 1;
	classes = {
	};
	objectVersion = 50;
	objects = {

/* Begin PBXBuildFile section */
		C90B103E259D2D51000A6358 /* texture_page_private_interface.h in Headers */ = {isa = PBXBuildFile; fileRef = C90B103C259D2D51000A6358 /* texture_page_private_interface.h */; };
		C90B103F259D2D51000A6358 /* texture_page.c in Sources */ = {isa = PBXBuildFile; fileRef = C90B103D259D2D51000A6358 /* texture_page.c */; };
		C90B1043259D2DC0000A6358 /* texture_sample_private_interface.h in Headers */ = {isa = PBXBuildFile; fileRef = C90B1041259D2DC0000A6358 /* texture_sample_private_interface.h */; };
		C90B1044259D2DC0000A6358 /* texture_sample.c in Sources */ = {isa = PBXBuildFile; fileRef = C90B1042259D2DC0000A6358 /* texture_sample.c */; };
		C90B104A259D3498000A6358 /* command_interface.h in Headers */ = {isa = PBXBuildFile; fileRef = C90B1048259D3498000A6358 /* command_interface.h */; };
		C90B104F259D34A7000A6358 /* command_private_interface.h in Headers */ = {isa = PBXBuildFile; fileRef = C90B104D259D34A7000A6358 /* command_private_interface.h */; };
		C90B1050259D34A7000A6358 /* command.c in Sources */ = {isa = PBXBuildFile; fileRef = C90B104E259D34A7000A6358 /* command.c */; };
		C90B1058259DD41E000A6358 /* state_change_interface.h in Headers */ = {isa = PBXBuildFile; fileRef = C90B1056259DD41E000A6358 /* state_change_interface.h */; };
		C90B105D259DD455000A6358 /* state_change_private_interface.h in Headers */ = {isa = PBXBuildFile; fileRef = C90B105B259DD455000A6358 /* state_change_private_interface.h */; };
		C90B105E259DD455000A6358 /* state_change.c in Sources */ = {isa = PBXBuildFile; fileRef = C90B105C259DD455000A6358 /* state_change.c */; };
		C90B1062259E0D8B000A6358 /* static_object_private_interface.h in Headers */ = {isa = PBXBuildFile; fileRef = C90B1060259E0D8B000A6358 /* static_object_private_interface.h */; };
		C90B1063259E0D8B000A6358 /* static_object.c in Sources */ = {isa = PBXBuildFile; fileRef = C90B1061259E0D8B000A6358 /* static_object.c */; };
		C90B1067259E1115000A6358 /* wad_private_interface.h in Headers */ = {isa = PBXBuildFile; fileRef = C90B1065259E1115000A6358 /* wad_private_interface.h */; };
		C90B1068259E1115000A6358 /* wad.c in Sources */ = {isa = PBXBuildFile; fileRef = C90B1066259E1115000A6358 /* wad.c */; };
		C91CAD21259B6B2700052A9F /* texture_sample_interface.h in Headers */ = {isa = PBXBuildFile; fileRef = C91CAD1F259B6B2700052A9F /* texture_sample_interface.h */; };
		C932789D259A6C3A00A94006 /* wadLoad.c in Sources */ = {isa = PBXBuildFile; fileRef = C932789C259A6C3A00A94006 /* wadLoad.c */; };
		C93278A5259B4F8C00A94006 /* vertex_interface.h in Headers */ = {isa = PBXBuildFile; fileRef = C93278A3259B4F8C00A94006 /* vertex_interface.h */; };
		C93278A6259B4F8C00A94006 /* vertex.c in Sources */ = {isa = PBXBuildFile; fileRef = C93278A4259B4F8C00A94006 /* vertex.c */; };
		C93278AB259B637F00A94006 /* polygon_interface.h in Headers */ = {isa = PBXBuildFile; fileRef = C93278A9259B637F00A94006 /* polygon_interface.h */; };
		C93278AC259B637F00A94006 /* polygon.c in Sources */ = {isa = PBXBuildFile; fileRef = C93278AA259B637F00A94006 /* polygon.c */; };
		C971663F259BB94B00FCD1FA /* movable_internal_interface.h in Headers */ = {isa = PBXBuildFile; fileRef = C971663D259BB94B00FCD1FA /* movable_internal_interface.h */; };
		C9716640259BB94B00FCD1FA /* movable.c in Sources */ = {isa = PBXBuildFile; fileRef = C971663E259BB94B00FCD1FA /* movable.c */; };
		C9716646259BD62200FCD1FA /* joint_private_interface.h in Headers */ = {isa = PBXBuildFile; fileRef = C9716644259BD62200FCD1FA /* joint_private_interface.h */; };
		C9716647259BD62200FCD1FA /* joint.c in Sources */ = {isa = PBXBuildFile; fileRef = C9716645259BD62200FCD1FA /* joint.c */; };
		C971664B259BDC0000FCD1FA /* animation_private_interface.h in Headers */ = {isa = PBXBuildFile; fileRef = C9716649259BDC0000FCD1FA /* animation_private_interface.h */; };
		C971664C259BDC0000FCD1FA /* animation.c in Sources */ = {isa = PBXBuildFile; fileRef = C971664A259BDC0000FCD1FA /* animation.c */; };
		C9BE3B22248BE46700C430A1 /* movable_interface.h in Headers */ = {isa = PBXBuildFile; fileRef = C9BE3B20248BE46700C430A1 /* movable_interface.h */; };
		C9BE3B25248BEB3600C430A1 /* movable_movableIdGetName.c in Sources */ = {isa = PBXBuildFile; fileRef = C9BE3B24248BEB3600C430A1 /* movable_movableIdGetName.c */; };
		C9BE3B2F248C1ACD00C430A1 /* joint_interface.h in Headers */ = {isa = PBXBuildFile; fileRef = C9BE3B2D248C1ACD00C430A1 /* joint_interface.h */; };
		C9C73F4F23A6A48B00FBB723 /* static_object.h in Headers */ = {isa = PBXBuildFile; fileRef = C9C73F4D23A6A48B00FBB723 /* static_object.h */; };
		C9C73F5323A6A63B00FBB723 /* static_object_interface.h in Headers */ = {isa = PBXBuildFile; fileRef = C9C73F5123A6A63B00FBB723 /* static_object_interface.h */; };
		C9C73F5723A6A7ED00FBB723 /* mesh.h in Headers */ = {isa = PBXBuildFile; fileRef = C9C73F5523A6A7ED00FBB723 /* mesh.h */; };
		C9C73F5B23A6A7F900FBB723 /* mesh_interface.h in Headers */ = {isa = PBXBuildFile; fileRef = C9C73F5923A6A7F900FBB723 /* mesh_interface.h */; };
		C9C73F5C23A6A7F900FBB723 /* mesh.c in Sources */ = {isa = PBXBuildFile; fileRef = C9C73F5A23A6A7F900FBB723 /* mesh.c */; };
		C9D59E0724B239B90048F2CA /* texture_page_interface.h in Headers */ = {isa = PBXBuildFile; fileRef = C9D59E0524B239B90048F2CA /* texture_page_interface.h */; };
		C9DACB3E259CC4B4000D1999 /* keyframe_internal_interface.h in Headers */ = {isa = PBXBuildFile; fileRef = C9DACB3C259CC4B3000D1999 /* keyframe_internal_interface.h */; };
		C9DACB3F259CC4B4000D1999 /* keyframe.c in Sources */ = {isa = PBXBuildFile; fileRef = C9DACB3D259CC4B4000D1999 /* keyframe.c */; };
/* End PBXBuildFile section */

/* Begin PBXFileReference section */
		C90527232599F2BE00CBD62C /* private_interface.h */ = {isa = PBXFileReference; lastKnownFileType = sourcecode.c.h; path = private_interface.h; sourceTree = "<group>"; };
		C90B103C259D2D51000A6358 /* texture_page_private_interface.h */ = {isa = PBXFileReference; lastKnownFileType = sourcecode.c.h; path = texture_page_private_interface.h; sourceTree = "<group>"; };
		C90B103D259D2D51000A6358 /* texture_page.c */ = {isa = PBXFileReference; lastKnownFileType = sourcecode.c.c; path = texture_page.c; sourceTree = "<group>"; };
		C90B1041259D2DC0000A6358 /* texture_sample_private_interface.h */ = {isa = PBXFileReference; lastKnownFileType = sourcecode.c.h; path = texture_sample_private_interface.h; sourceTree = "<group>"; };
		C90B1042259D2DC0000A6358 /* texture_sample.c */ = {isa = PBXFileReference; lastKnownFileType = sourcecode.c.c; path = texture_sample.c; sourceTree = "<group>"; };
		C90B1047259D348E000A6358 /* command.h */ = {isa = PBXFileReference; lastKnownFileType = sourcecode.c.h; path = command.h; sourceTree = "<group>"; };
		C90B1048259D3498000A6358 /* command_interface.h */ = {isa = PBXFileReference; lastKnownFileType = sourcecode.c.h; path = command_interface.h; sourceTree = "<group>"; };
		C90B104D259D34A7000A6358 /* command_private_interface.h */ = {isa = PBXFileReference; lastKnownFileType = sourcecode.c.h; path = command_private_interface.h; sourceTree = "<group>"; };
		C90B104E259D34A7000A6358 /* command.c */ = {isa = PBXFileReference; lastKnownFileType = sourcecode.c.c; path = command.c; sourceTree = "<group>"; };
		C90B1052259D374C000A6358 /* command_type.h */ = {isa = PBXFileReference; lastKnownFileType = sourcecode.c.h; path = command_type.h; sourceTree = "<group>"; };
		C90B1055259DD410000A6358 /* state_change.h */ = {isa = PBXFileReference; lastKnownFileType = sourcecode.c.h; path = state_change.h; sourceTree = "<group>"; };
		C90B1056259DD41E000A6358 /* state_change_interface.h */ = {isa = PBXFileReference; lastKnownFileType = sourcecode.c.h; path = state_change_interface.h; sourceTree = "<group>"; };
		C90B105B259DD455000A6358 /* state_change_private_interface.h */ = {isa = PBXFileReference; lastKnownFileType = sourcecode.c.h; path = state_change_private_interface.h; sourceTree = "<group>"; };
		C90B105C259DD455000A6358 /* state_change.c */ = {isa = PBXFileReference; lastKnownFileType = sourcecode.c.c; path = state_change.c; sourceTree = "<group>"; };
		C90B1060259E0D8B000A6358 /* static_object_private_interface.h */ = {isa = PBXFileReference; lastKnownFileType = sourcecode.c.h; path = static_object_private_interface.h; sourceTree = "<group>"; };
		C90B1061259E0D8B000A6358 /* static_object.c */ = {isa = PBXFileReference; lastKnownFileType = sourcecode.c.c; path = static_object.c; sourceTree = "<group>"; };
		C90B1065259E1115000A6358 /* wad_private_interface.h */ = {isa = PBXFileReference; lastKnownFileType = sourcecode.c.h; path = wad_private_interface.h; sourceTree = "<group>"; };
		C90B1066259E1115000A6358 /* wad.c */ = {isa = PBXFileReference; lastKnownFileType = sourcecode.c.c; path = wad.c; sourceTree = "<group>"; };
		C91CAD1E259B6B1200052A9F /* texture_sample.h */ = {isa = PBXFileReference; lastKnownFileType = sourcecode.c.h; path = texture_sample.h; sourceTree = "<group>"; };
		C91CAD1F259B6B2700052A9F /* texture_sample_interface.h */ = {isa = PBXFileReference; lastKnownFileType = sourcecode.c.h; path = texture_sample_interface.h; sourceTree = "<group>"; };
		C932789C259A6C3A00A94006 /* wadLoad.c */ = {isa = PBXFileReference; lastKnownFileType = sourcecode.c.c; path = wadLoad.c; sourceTree = "<group>"; };
		C93278A3259B4F8C00A94006 /* vertex_interface.h */ = {isa = PBXFileReference; lastKnownFileType = sourcecode.c.h; path = vertex_interface.h; sourceTree = "<group>"; };
		C93278A4259B4F8C00A94006 /* vertex.c */ = {isa = PBXFileReference; lastKnownFileType = sourcecode.c.c; path = vertex.c; sourceTree = "<group>"; };
		C93278A9259B637F00A94006 /* polygon_interface.h */ = {isa = PBXFileReference; lastKnownFileType = sourcecode.c.h; path = polygon_interface.h; sourceTree = "<group>"; };
		C93278AA259B637F00A94006 /* polygon.c */ = {isa = PBXFileReference; lastKnownFileType = sourcecode.c.c; path = polygon.c; sourceTree = "<group>"; };
		C940EDA22398C81F0007A0D9 /* wad.h */ = {isa = PBXFileReference; lastKnownFileType = sourcecode.c.h; path = wad.h; sourceTree = "<group>"; };
		C940EDA62398C8530007A0D9 /* README.md */ = {isa = PBXFileReference; lastKnownFileType = net.daringfireball.markdown; path = README.md; sourceTree = "<group>"; };
		C940EDA72398CE5D0007A0D9 /* wad_interface.h */ = {isa = PBXFileReference; lastKnownFileType = sourcecode.c.h; path = wad_interface.h; sourceTree = "<group>"; };
		C941D8A3239D73B300F9D0CC /* libwad_kit.a */ = {isa = PBXFileReference; explicitFileType = archive.ar; includeInIndex = 0; path = libwad_kit.a; sourceTree = BUILT_PRODUCTS_DIR; };
		C94F564B2486477C0089C915 /* animation.h */ = {isa = PBXFileReference; lastKnownFileType = sourcecode.c.h; path = animation.h; sourceTree = "<group>"; };
		C94F564D248648070089C915 /* texture_page.h */ = {isa = PBXFileReference; lastKnownFileType = sourcecode.c.h; path = texture_page.h; sourceTree = "<group>"; };
		C94F564E2486482C0089C915 /* movable.h */ = {isa = PBXFileReference; lastKnownFileType = sourcecode.c.h; path = movable.h; sourceTree = "<group>"; };
		C971663D259BB94B00FCD1FA /* movable_internal_interface.h */ = {isa = PBXFileReference; lastKnownFileType = sourcecode.c.h; path = movable_internal_interface.h; sourceTree = "<group>"; };
		C971663E259BB94B00FCD1FA /* movable.c */ = {isa = PBXFileReference; lastKnownFileType = sourcecode.c.c; path = movable.c; sourceTree = "<group>"; };
		C9716644259BD62200FCD1FA /* joint_private_interface.h */ = {isa = PBXFileReference; lastKnownFileType = sourcecode.c.h; path = joint_private_interface.h; sourceTree = "<group>"; };
		C9716645259BD62200FCD1FA /* joint.c */ = {isa = PBXFileReference; lastKnownFileType = sourcecode.c.c; path = joint.c; sourceTree = "<group>"; };
		C9716649259BDC0000FCD1FA /* animation_private_interface.h */ = {isa = PBXFileReference; lastKnownFileType = sourcecode.c.h; path = animation_private_interface.h; sourceTree = "<group>"; };
		C971664A259BDC0000FCD1FA /* animation.c */ = {isa = PBXFileReference; lastKnownFileType = sourcecode.c.c; path = animation.c; sourceTree = "<group>"; };
		C97B6B6D239BAC02003B692E /* raw_wad.h */ = {isa = PBXFileReference; lastKnownFileType = sourcecode.c.h; path = raw_wad.h; sourceTree = "<group>"; };
		C98AFF1B239DDE6700CDC67A /* wad_generateWadData.c */ = {isa = PBXFileReference; lastKnownFileType = sourcecode.c.c; path = wad_generateWadData.c; sourceTree = "<group>"; };
		C9924941248599CA004511F5 /* vertex.h */ = {isa = PBXFileReference; lastKnownFileType = sourcecode.c.h; path = vertex.h; sourceTree = "<group>"; };
		C992494224859B80004511F5 /* polygon.h */ = {isa = PBXFileReference; lastKnownFileType = sourcecode.c.h; path = polygon.h; sourceTree = "<group>"; };
		C9BE3B1E248BD8F900C430A1 /* static_object_id.h */ = {isa = PBXFileReference; lastKnownFileType = sourcecode.c.h; path = static_object_id.h; sourceTree = "<group>"; };
		C9BE3B1F248BE3A800C430A1 /* movable_id.h */ = {isa = PBXFileReference; lastKnownFileType = sourcecode.c.h; path = movable_id.h; sourceTree = "<group>"; };
		C9BE3B20248BE46700C430A1 /* movable_interface.h */ = {isa = PBXFileReference; lastKnownFileType = sourcecode.c.h; path = movable_interface.h; sourceTree = "<group>"; };
		C9BE3B24248BEB3600C430A1 /* movable_movableIdGetName.c */ = {isa = PBXFileReference; lastKnownFileType = sourcecode.c.c; path = movable_movableIdGetName.c; sourceTree = "<group>"; };
		C9BE3B2C248C1AA900C430A1 /* joint.h */ = {isa = PBXFileReference; lastKnownFileType = sourcecode.c.h; path = joint.h; sourceTree = "<group>"; };
		C9BE3B2D248C1ACD00C430A1 /* joint_interface.h */ = {isa = PBXFileReference; lastKnownFileType = sourcecode.c.h; path = joint_interface.h; sourceTree = "<group>"; };
		C9BE3B31248C1BBA00C430A1 /* joint_location_type.h */ = {isa = PBXFileReference; lastKnownFileType = sourcecode.c.h; path = joint_location_type.h; sourceTree = "<group>"; };
		C9C73F4C23A686E800FBB723 /* wad_kit.h */ = {isa = PBXFileReference; lastKnownFileType = sourcecode.c.h; path = wad_kit.h; sourceTree = "<group>"; };
		C9C73F4D23A6A48B00FBB723 /* static_object.h */ = {isa = PBXFileReference; lastKnownFileType = sourcecode.c.h; path = static_object.h; sourceTree = "<group>"; };
		C9C73F5123A6A63B00FBB723 /* static_object_interface.h */ = {isa = PBXFileReference; lastKnownFileType = sourcecode.c.h; path = static_object_interface.h; sourceTree = "<group>"; };
		C9C73F5523A6A7ED00FBB723 /* mesh.h */ = {isa = PBXFileReference; lastKnownFileType = sourcecode.c.h; path = mesh.h; sourceTree = "<group>"; };
		C9C73F5923A6A7F900FBB723 /* mesh_interface.h */ = {isa = PBXFileReference; lastKnownFileType = sourcecode.c.h; path = mesh_interface.h; sourceTree = "<group>"; };
		C9C73F5A23A6A7F900FBB723 /* mesh.c */ = {isa = PBXFileReference; lastKnownFileType = sourcecode.c.c; path = mesh.c; sourceTree = "<group>"; };
		C9D59E0524B239B90048F2CA /* texture_page_interface.h */ = {isa = PBXFileReference; lastKnownFileType = sourcecode.c.h; path = texture_page_interface.h; sourceTree = "<group>"; };
		C9DACB3B259CC4A3000D1999 /* keyframe.h */ = {isa = PBXFileReference; lastKnownFileType = sourcecode.c.h; path = keyframe.h; sourceTree = "<group>"; };
		C9DACB3C259CC4B3000D1999 /* keyframe_internal_interface.h */ = {isa = PBXFileReference; lastKnownFileType = sourcecode.c.h; path = keyframe_internal_interface.h; sourceTree = "<group>"; };
		C9DACB3D259CC4B4000D1999 /* keyframe.c */ = {isa = PBXFileReference; lastKnownFileType = sourcecode.c.c; path = keyframe.c; sourceTree = "<group>"; };
		C9F4880025BDE4FF00AB4946 /* animation_interface.h */ = {isa = PBXFileReference; lastKnownFileType = sourcecode.c.h; path = animation_interface.h; sourceTree = "<group>"; };
		C9F4880625BDE78F00AB4946 /* keyframe_interface.h */ = {isa = PBXFileReference; lastKnownFileType = sourcecode.c.h; path = keyframe_interface.h; sourceTree = "<group>"; };
/* End PBXFileReference section */

/* Begin PBXFrameworksBuildPhase section */
		C941D8A1239D73B300F9D0CC /* Frameworks */ = {
			isa = PBXFrameworksBuildPhase;
			buildActionMask = 2147483647;
			files = (
			);
			runOnlyForDeploymentPostprocessing = 0;
		};
/* End PBXFrameworksBuildPhase section */

/* Begin PBXGroup section */
		C90B1046259D3480000A6358 /* Command */ = {
			isa = PBXGroup;
			children = (
				C90B1052259D374C000A6358 /* command_type.h */,
				C90B1047259D348E000A6358 /* command.h */,
				C90B1048259D3498000A6358 /* command_interface.h */,
				C90B104D259D34A7000A6358 /* command_private_interface.h */,
				C90B104E259D34A7000A6358 /* command.c */,
			);
			name = Command;
			sourceTree = "<group>";
		};
		C90B1054259DD3F1000A6358 /* State change */ = {
			isa = PBXGroup;
			children = (
				C90B1055259DD410000A6358 /* state_change.h */,
				C90B105B259DD455000A6358 /* state_change_private_interface.h */,
				C90B1056259DD41E000A6358 /* state_change_interface.h */,
				C90B105C259DD455000A6358 /* state_change.c */,
			);
			name = "State change";
			sourceTree = "<group>";
		};
		C91CAD1D259B6B0000052A9F /* Texture sample */ = {
			isa = PBXGroup;
			children = (
				C91CAD1E259B6B1200052A9F /* texture_sample.h */,
				C90B1041259D2DC0000A6358 /* texture_sample_private_interface.h */,
				C91CAD1F259B6B2700052A9F /* texture_sample_interface.h */,
				C90B1042259D2DC0000A6358 /* texture_sample.c */,
			);
			name = "Texture sample";
			sourceTree = "<group>";
		};
		C91CAD24259B80CE00052A9F /* Joint */ = {
			isa = PBXGroup;
			children = (
				C9BE3B31248C1BBA00C430A1 /* joint_location_type.h */,
				C9BE3B2C248C1AA900C430A1 /* joint.h */,
				C9BE3B2D248C1ACD00C430A1 /* joint_interface.h */,
				C9716644259BD62200FCD1FA /* joint_private_interface.h */,
				C9716645259BD62200FCD1FA /* joint.c */,
			);
			name = Joint;
			sourceTree = "<group>";
		};
		C92739B825A71922001C373E /* Vertex */ = {
			isa = PBXGroup;
			children = (
				C9924941248599CA004511F5 /* vertex.h */,
				C93278A3259B4F8C00A94006 /* vertex_interface.h */,
				C93278A4259B4F8C00A94006 /* vertex.c */,
			);
			name = Vertex;
			sourceTree = "<group>";
		};
		C92739B925A7192D001C373E /* Polygon */ = {
			isa = PBXGroup;
			children = (
				C992494224859B80004511F5 /* polygon.h */,
				C93278A9259B637F00A94006 /* polygon_interface.h */,
				C93278AA259B637F00A94006 /* polygon.c */,
			);
			name = Polygon;
			sourceTree = "<group>";
		};
		C940ED902398C6F60007A0D9 = {
			isa = PBXGroup;
			children = (
				C940EDA62398C8530007A0D9 /* README.md */,
				C940EDA12398C7FC0007A0D9 /* wad_kit */,
				C940ED9A2398C6F60007A0D9 /* Products */,
				C940EDB62398D0910007A0D9 /* Frameworks */,
			);
			sourceTree = "<group>";
		};
		C940ED9A2398C6F60007A0D9 /* Products */ = {
			isa = PBXGroup;
			children = (
				C941D8A3239D73B300F9D0CC /* libwad_kit.a */,
			);
			name = Products;
			sourceTree = "<group>";
		};
		C940EDA12398C7FC0007A0D9 /* wad_kit */ = {
			isa = PBXGroup;
			children = (
				C9C73F4C23A686E800FBB723 /* wad_kit.h */,
				C90527232599F2BE00CBD62C /* private_interface.h */,
				C94F564C248647ED0089C915 /* Texture page */,
				C91CAD1D259B6B0000052A9F /* Texture sample */,
				C9924940248598A5004511F5 /* Primitives */,
				C992493F248596D5004511F5 /* Mesh */,
				C94F56492486470C0089C915 /* Movable */,
				C94F56452486447B0089C915 /* Static */,
				C94F564F248649130089C915 /* wad */,
			);
			path = wad_kit;
			sourceTree = "<group>";
		};
		C940EDB62398D0910007A0D9 /* Frameworks */ = {
			isa = PBXGroup;
			children = (
			);
			name = Frameworks;
			sourceTree = "<group>";
		};
		C94F56452486447B0089C915 /* Static */ = {
			isa = PBXGroup;
			children = (
				C9BE3B1E248BD8F900C430A1 /* static_object_id.h */,
				C9C73F4D23A6A48B00FBB723 /* static_object.h */,
				C90B1060259E0D8B000A6358 /* static_object_private_interface.h */,
				C9C73F5123A6A63B00FBB723 /* static_object_interface.h */,
				C90B1061259E0D8B000A6358 /* static_object.c */,
			);
			name = Static;
			sourceTree = "<group>";
		};
		C94F56492486470C0089C915 /* Movable */ = {
			isa = PBXGroup;
			children = (
				C94F564A248647380089C915 /* Animation */,
				C91CAD24259B80CE00052A9F /* Joint */,
				C9BE3B1F248BE3A800C430A1 /* movable_id.h */,
				C94F564E2486482C0089C915 /* movable.h */,
				C971663D259BB94B00FCD1FA /* movable_internal_interface.h */,
				C9BE3B20248BE46700C430A1 /* movable_interface.h */,
				C971663E259BB94B00FCD1FA /* movable.c */,
				C9BE3B24248BEB3600C430A1 /* movable_movableIdGetName.c */,
			);
			name = Movable;
			sourceTree = "<group>";
		};
		C94F564A248647380089C915 /* Animation */ = {
			isa = PBXGroup;
			children = (
				C9DACB3A259CC492000D1999 /* Keyframe */,
				C90B1046259D3480000A6358 /* Command */,
				C90B1054259DD3F1000A6358 /* State change */,
				C94F564B2486477C0089C915 /* animation.h */,
				C9716649259BDC0000FCD1FA /* animation_private_interface.h */,
				C9F4880025BDE4FF00AB4946 /* animation_interface.h */,
				C971664A259BDC0000FCD1FA /* animation.c */,
			);
			name = Animation;
			sourceTree = "<group>";
		};
		C94F564C248647ED0089C915 /* Texture page */ = {
			isa = PBXGroup;
			children = (
				C94F564D248648070089C915 /* texture_page.h */,
				C90B103C259D2D51000A6358 /* texture_page_private_interface.h */,
				C9D59E0524B239B90048F2CA /* texture_page_interface.h */,
				C90B103D259D2D51000A6358 /* texture_page.c */,
			);
			name = "Texture page";
			sourceTree = "<group>";
		};
		C94F564F248649130089C915 /* wad */ = {
			isa = PBXGroup;
			children = (
				C97B6B6D239BAC02003B692E /* raw_wad.h */,
				C940EDA22398C81F0007A0D9 /* wad.h */,
				C90B1065259E1115000A6358 /* wad_private_interface.h */,
				C940EDA72398CE5D0007A0D9 /* wad_interface.h */,
				C90B1066259E1115000A6358 /* wad.c */,
				C932789C259A6C3A00A94006 /* wadLoad.c */,
				C98AFF1B239DDE6700CDC67A /* wad_generateWadData.c */,
			);
			name = wad;
			sourceTree = "<group>";
		};
		C992493F248596D5004511F5 /* Mesh */ = {
			isa = PBXGroup;
			children = (
				C9C73F5523A6A7ED00FBB723 /* mesh.h */,
				C9C73F5923A6A7F900FBB723 /* mesh_interface.h */,
				C9C73F5A23A6A7F900FBB723 /* mesh.c */,
			);
			name = Mesh;
			sourceTree = "<group>";
		};
		C9924940248598A5004511F5 /* Primitives */ = {
			isa = PBXGroup;
			children = (
				C92739B825A71922001C373E /* Vertex */,
				C92739B925A7192D001C373E /* Polygon */,
			);
			name = Primitives;
			sourceTree = "<group>";
		};
		C9DACB3A259CC492000D1999 /* Keyframe */ = {
			isa = PBXGroup;
			children = (
				C9DACB3B259CC4A3000D1999 /* keyframe.h */,
				C9DACB3C259CC4B3000D1999 /* keyframe_internal_interface.h */,
				C9F4880625BDE78F00AB4946 /* keyframe_interface.h */,
				C9DACB3D259CC4B4000D1999 /* keyframe.c */,
			);
			name = Keyframe;
			sourceTree = "<group>";
		};
/* End PBXGroup section */

/* Begin PBXHeadersBuildPhase section */
		C941D89F239D73B300F9D0CC /* Headers */ = {
			isa = PBXHeadersBuildPhase;
			buildActionMask = 2147483647;
			files = (
				C971664B259BDC0000FCD1FA /* animation_private_interface.h in Headers */,
				C9C73F5723A6A7ED00FBB723 /* mesh.h in Headers */,
				C90B103E259D2D51000A6358 /* texture_page_private_interface.h in Headers */,
				C90B1062259E0D8B000A6358 /* static_object_private_interface.h in Headers */,
				C9716646259BD62200FCD1FA /* joint_private_interface.h in Headers */,
				C93278AB259B637F00A94006 /* polygon_interface.h in Headers */,
				C9DACB3E259CC4B4000D1999 /* keyframe_internal_interface.h in Headers */,
				C9C73F4F23A6A48B00FBB723 /* static_object.h in Headers */,
				C9BE3B22248BE46700C430A1 /* movable_interface.h in Headers */,
				C90B1058259DD41E000A6358 /* state_change_interface.h in Headers */,
				C93278A5259B4F8C00A94006 /* vertex_interface.h in Headers */,
				C91CAD21259B6B2700052A9F /* texture_sample_interface.h in Headers */,
				C90B105D259DD455000A6358 /* state_change_private_interface.h in Headers */,
				C90B1043259D2DC0000A6358 /* texture_sample_private_interface.h in Headers */,
				C9D59E0724B239B90048F2CA /* texture_page_interface.h in Headers */,
				C90B104F259D34A7000A6358 /* command_private_interface.h in Headers */,
				C971663F259BB94B00FCD1FA /* movable_internal_interface.h in Headers */,
				C9C73F5323A6A63B00FBB723 /* static_object_interface.h in Headers */,
				C90B1067259E1115000A6358 /* wad_private_interface.h in Headers */,
				C9C73F5B23A6A7F900FBB723 /* mesh_interface.h in Headers */,
				C90B104A259D3498000A6358 /* command_interface.h in Headers */,
				C9BE3B2F248C1ACD00C430A1 /* joint_interface.h in Headers */,
			);
			runOnlyForDeploymentPostprocessing = 0;
		};
/* End PBXHeadersBuildPhase section */

/* Begin PBXNativeTarget section */
		C941D8A2239D73B300F9D0CC /* wad_kit */ = {
			isa = PBXNativeTarget;
			buildConfigurationList = C941D8A4239D73B300F9D0CC /* Build configuration list for PBXNativeTarget "wad_kit" */;
			buildPhases = (
				C941D89F239D73B300F9D0CC /* Headers */,
				C941D8A0239D73B300F9D0CC /* Sources */,
				C941D8A1239D73B300F9D0CC /* Frameworks */,
			);
			buildRules = (
			);
			dependencies = (
			);
			name = wad_kit;
			productName = wad_kit;
			productReference = C941D8A3239D73B300F9D0CC /* libwad_kit.a */;
			productType = "com.apple.product-type.library.static";
		};
/* End PBXNativeTarget section */

/* Begin PBXProject section */
		C940ED912398C6F60007A0D9 /* Project object */ = {
			isa = PBXProject;
			attributes = {
				CLASSPREFIX = WK_;
				LastUpgradeCheck = 1200;
				ORGANIZATIONNAME = "Eugene Lutz";
				TargetAttributes = {
					C941D8A2239D73B300F9D0CC = {
						CreatedOnToolsVersion = 11.2.1;
					};
				};
			};
			buildConfigurationList = C940ED942398C6F60007A0D9 /* Build configuration list for PBXProject "wad_kit" */;
			compatibilityVersion = "Xcode 9.3";
			developmentRegion = en;
			hasScannedForEncodings = 0;
			knownRegions = (
				en,
				Base,
			);
			mainGroup = C940ED902398C6F60007A0D9;
			productRefGroup = C940ED9A2398C6F60007A0D9 /* Products */;
			projectDirPath = "";
			projectRoot = "";
			targets = (
				C941D8A2239D73B300F9D0CC /* wad_kit */,
			);
		};
/* End PBXProject section */

/* Begin PBXSourcesBuildPhase section */
		C941D8A0239D73B300F9D0CC /* Sources */ = {
			isa = PBXSourcesBuildPhase;
			buildActionMask = 2147483647;
			files = (
				C9716647259BD62200FCD1FA /* joint.c in Sources */,
				C90B105E259DD455000A6358 /* state_change.c in Sources */,
				C90B1050259D34A7000A6358 /* command.c in Sources */,
				C90B1044259D2DC0000A6358 /* texture_sample.c in Sources */,
				C9C73F5C23A6A7F900FBB723 /* mesh.c in Sources */,
				C9BE3B25248BEB3600C430A1 /* movable_movableIdGetName.c in Sources */,
				C932789D259A6C3A00A94006 /* wadLoad.c in Sources */,
				C90B103F259D2D51000A6358 /* texture_page.c in Sources */,
				C9716640259BB94B00FCD1FA /* movable.c in Sources */,
				C90B1068259E1115000A6358 /* wad.c in Sources */,
				C9DACB3F259CC4B4000D1999 /* keyframe.c in Sources */,
				C971664C259BDC0000FCD1FA /* animation.c in Sources */,
				C90B1063259E0D8B000A6358 /* static_object.c in Sources */,
				C93278AC259B637F00A94006 /* polygon.c in Sources */,
				C93278A6259B4F8C00A94006 /* vertex.c in Sources */,
			);
			runOnlyForDeploymentPostprocessing = 0;
		};
/* End PBXSourcesBuildPhase section */

/* Begin XCBuildConfiguration section */
		C940ED9B2398C6F60007A0D9 /* Debug */ = {
			isa = XCBuildConfiguration;
			buildSettings = {
				ALWAYS_SEARCH_USER_PATHS = NO;
				CLANG_ANALYZER_NONNULL = YES;
				CLANG_ANALYZER_NUMBER_OBJECT_CONVERSION = YES_AGGRESSIVE;
				CLANG_CXX_LANGUAGE_STANDARD = "c++17";
				CLANG_CXX_LIBRARY = "libc++";
				CLANG_ENABLE_MODULES = YES;
				CLANG_ENABLE_OBJC_ARC = YES;
				CLANG_ENABLE_OBJC_WEAK = YES;
				CLANG_WARN_BLOCK_CAPTURE_AUTORELEASING = YES;
				CLANG_WARN_BOOL_CONVERSION = YES;
				CLANG_WARN_COMMA = YES;
				CLANG_WARN_CONSTANT_CONVERSION = YES;
				CLANG_WARN_DEPRECATED_OBJC_IMPLEMENTATIONS = YES;
				CLANG_WARN_DIRECT_OBJC_ISA_USAGE = YES_ERROR;
				CLANG_WARN_DOCUMENTATION_COMMENTS = YES;
				CLANG_WARN_EMPTY_BODY = YES;
				CLANG_WARN_ENUM_CONVERSION = YES;
				CLANG_WARN_INFINITE_RECURSION = YES;
				CLANG_WARN_INT_CONVERSION = YES;
				CLANG_WARN_NON_LITERAL_NULL_CONVERSION = YES;
				CLANG_WARN_OBJC_IMPLICIT_RETAIN_SELF = YES;
				CLANG_WARN_OBJC_LITERAL_CONVERSION = YES;
				CLANG_WARN_OBJC_ROOT_CLASS = YES_ERROR;
				CLANG_WARN_QUOTED_INCLUDE_IN_FRAMEWORK_HEADER = YES;
				CLANG_WARN_RANGE_LOOP_ANALYSIS = YES;
				CLANG_WARN_STRICT_PROTOTYPES = YES;
				CLANG_WARN_SUSPICIOUS_MOVE = YES;
				CLANG_WARN_UNGUARDED_AVAILABILITY = YES_AGGRESSIVE;
				CLANG_WARN_UNREACHABLE_CODE = YES;
				CLANG_WARN__DUPLICATE_METHOD_MATCH = YES;
				COPY_PHASE_STRIP = NO;
				DEBUG_INFORMATION_FORMAT = dwarf;
				ENABLE_STRICT_OBJC_MSGSEND = YES;
				ENABLE_TESTABILITY = YES;
				GCC_C_LANGUAGE_STANDARD = c99;
				GCC_DYNAMIC_NO_PIC = NO;
				GCC_NO_COMMON_BLOCKS = YES;
				GCC_OPTIMIZATION_LEVEL = 0;
				GCC_PREPROCESSOR_DEFINITIONS = (
					"DEBUG=1",
					"$(inherited)",
				);
				GCC_WARN_64_TO_32_BIT_CONVERSION = YES;
				GCC_WARN_ABOUT_RETURN_TYPE = YES_ERROR;
				GCC_WARN_UNDECLARED_SELECTOR = YES;
				GCC_WARN_UNINITIALIZED_AUTOS = YES_AGGRESSIVE;
				GCC_WARN_UNUSED_FUNCTION = YES;
				GCC_WARN_UNUSED_VARIABLE = YES;
				MTL_ENABLE_DEBUG_INFO = INCLUDE_SOURCE;
				MTL_FAST_MATH = YES;
				ONLY_ACTIVE_ARCH = YES;
				SDKROOT = macosx;
			};
			name = Debug;
		};
		C940ED9C2398C6F60007A0D9 /* Release */ = {
			isa = XCBuildConfiguration;
			buildSettings = {
				ALWAYS_SEARCH_USER_PATHS = NO;
				CLANG_ANALYZER_NONNULL = YES;
				CLANG_ANALYZER_NUMBER_OBJECT_CONVERSION = YES_AGGRESSIVE;
				CLANG_CXX_LANGUAGE_STANDARD = "c++17";
				CLANG_CXX_LIBRARY = "libc++";
				CLANG_ENABLE_MODULES = YES;
				CLANG_ENABLE_OBJC_ARC = YES;
				CLANG_ENABLE_OBJC_WEAK = YES;
				CLANG_WARN_BLOCK_CAPTURE_AUTORELEASING = YES;
				CLANG_WARN_BOOL_CONVERSION = YES;
				CLANG_WARN_COMMA = YES;
				CLANG_WARN_CONSTANT_CONVERSION = YES;
				CLANG_WARN_DEPRECATED_OBJC_IMPLEMENTATIONS = YES;
				CLANG_WARN_DIRECT_OBJC_ISA_USAGE = YES_ERROR;
				CLANG_WARN_DOCUMENTATION_COMMENTS = YES;
				CLANG_WARN_EMPTY_BODY = YES;
				CLANG_WARN_ENUM_CONVERSION = YES;
				CLANG_WARN_INFINITE_RECURSION = YES;
				CLANG_WARN_INT_CONVERSION = YES;
				CLANG_WARN_NON_LITERAL_NULL_CONVERSION = YES;
				CLANG_WARN_OBJC_IMPLICIT_RETAIN_SELF = YES;
				CLANG_WARN_OBJC_LITERAL_CONVERSION = YES;
				CLANG_WARN_OBJC_ROOT_CLASS = YES_ERROR;
				CLANG_WARN_QUOTED_INCLUDE_IN_FRAMEWORK_HEADER = YES;
				CLANG_WARN_RANGE_LOOP_ANALYSIS = YES;
				CLANG_WARN_STRICT_PROTOTYPES = YES;
				CLANG_WARN_SUSPICIOUS_MOVE = YES;
				CLANG_WARN_UNGUARDED_AVAILABILITY = YES_AGGRESSIVE;
				CLANG_WARN_UNREACHABLE_CODE = YES;
				CLANG_WARN__DUPLICATE_METHOD_MATCH = YES;
				COPY_PHASE_STRIP = NO;
				DEBUG_INFORMATION_FORMAT = "dwarf-with-dsym";
				ENABLE_NS_ASSERTIONS = NO;
				ENABLE_STRICT_OBJC_MSGSEND = YES;
				GCC_C_LANGUAGE_STANDARD = c99;
				GCC_NO_COMMON_BLOCKS = YES;
				GCC_WARN_64_TO_32_BIT_CONVERSION = YES;
				GCC_WARN_ABOUT_RETURN_TYPE = YES_ERROR;
				GCC_WARN_UNDECLARED_SELECTOR = YES;
				GCC_WARN_UNINITIALIZED_AUTOS = YES_AGGRESSIVE;
				GCC_WARN_UNUSED_FUNCTION = YES;
				GCC_WARN_UNUSED_VARIABLE = YES;
				MTL_ENABLE_DEBUG_INFO = NO;
				MTL_FAST_MATH = YES;
				SDKROOT = macosx;
			};
			name = Release;
		};
		C941D8A5239D73B300F9D0CC /* Debug */ = {
			isa = XCBuildConfiguration;
			buildSettings = {
				CLANG_CXX_LANGUAGE_STANDARD = "c++17";
				CODE_SIGN_STYLE = Automatic;
				DEVELOPMENT_TEAM = 7N525N28LV;
				EXECUTABLE_PREFIX = lib;
				GCC_C_LANGUAGE_STANDARD = c99;
				PRODUCT_NAME = "$(TARGET_NAME)";
				SKIP_INSTALL = YES;
			};
			name = Debug;
		};
		C941D8A6239D73B300F9D0CC /* Release */ = {
			isa = XCBuildConfiguration;
			buildSettings = {
				CLANG_CXX_LANGUAGE_STANDARD = "c++17";
				CODE_SIGN_STYLE = Automatic;
				DEVELOPMENT_TEAM = 7N525N28LV;
				EXECUTABLE_PREFIX = lib;
				GCC_C_LANGUAGE_STANDARD = c99;
				PRODUCT_NAME = "$(TARGET_NAME)";
				SKIP_INSTALL = YES;
				STRIP_INSTALLED_PRODUCT = NO;
			};
			name = Release;
		};
/* End XCBuildConfiguration section */

/* Begin XCConfigurationList section */
		C940ED942398C6F60007A0D9 /* Build configuration list for PBXProject "wad_kit" */ = {
			isa = XCConfigurationList;
			buildConfigurations = (
				C940ED9B2398C6F60007A0D9 /* Debug */,
				C940ED9C2398C6F60007A0D9 /* Release */,
			);
			defaultConfigurationIsVisible = 0;
			defaultConfigurationName = Release;
		};
		C941D8A4239D73B300F9D0CC /* Build configuration list for PBXNativeTarget "wad_kit" */ = {
			isa = XCConfigurationList;
			buildConfigurations = (
				C941D8A5239D73B300F9D0CC /* Debug */,
				C941D8A6239D73B300F9D0CC /* Release */,
			);
			defaultConfigurationIsVisible = 0;
			defaultConfigurationName = Release;
		};
/* End XCConfigurationList section */
	};
	rootObject = C940ED912398C6F60007A0D9 /* Project object */;
}
