// !$*UTF8*$!
{
	archiveVersion = 1;
	classes = {
	};
	objectVersion = 50;
	objects = {

/* Begin PBXBuildFile section */
		C90583FF25A5D8DC000C515B /* blit_command_encoder_interface.h in Headers */ = {isa = PBXBuildFile; fileRef = C90583CD25A5D8D8000C515B /* blit_command_encoder_interface.h */; };
		C905840025A5D8DC000C515B /* graphics_buffer_option.h in Headers */ = {isa = PBXBuildFile; fileRef = C90583CE25A5D8D8000C515B /* graphics_buffer_option.h */; };
		C905840125A5D8DC000C515B /* GraphicsView.h in Headers */ = {isa = PBXBuildFile; fileRef = C90583CF25A5D8D8000C515B /* GraphicsView.h */; };
		C905840225A5D8DC000C515B /* command_queue_interface.c in Sources */ = {isa = PBXBuildFile; fileRef = C90583D025A5D8D8000C515B /* command_queue_interface.c */; };
		C905840325A5D8DC000C515B /* apple_graphics_device.m in Sources */ = {isa = PBXBuildFile; fileRef = C90583D125A5D8D8000C515B /* apple_graphics_device.m */; };
		C905840425A5D8DC000C515B /* command_queue.h in Headers */ = {isa = PBXBuildFile; fileRef = C90583D225A5D8D8000C515B /* command_queue.h */; };
		C905840525A5D8DC000C515B /* graphics_device_interface.c in Sources */ = {isa = PBXBuildFile; fileRef = C90583D325A5D8D8000C515B /* graphics_device_interface.c */; };
		C905840625A5D8DC000C515B /* command_queue_private_interface.c in Sources */ = {isa = PBXBuildFile; fileRef = C90583D425A5D8D9000C515B /* command_queue_private_interface.c */; };
		C905840725A5D8DC000C515B /* texture2d_interface.c in Sources */ = {isa = PBXBuildFile; fileRef = C90583D525A5D8D9000C515B /* texture2d_interface.c */; };
		C905840825A5D8DC000C515B /* graphics_buffer.h in Headers */ = {isa = PBXBuildFile; fileRef = C90583D625A5D8D9000C515B /* graphics_buffer.h */; };
		C905840925A5D8DC000C515B /* graphics_view.h in Headers */ = {isa = PBXBuildFile; fileRef = C90583D725A5D8D9000C515B /* graphics_view.h */; };
		C905840A25A5D8DC000C515B /* render_settings.h in Headers */ = {isa = PBXBuildFile; fileRef = C90583D825A5D8D9000C515B /* render_settings.h */; };
		C905840B25A5D8DC000C515B /* command_queue_private_interface.h in Headers */ = {isa = PBXBuildFile; fileRef = C90583D925A5D8D9000C515B /* command_queue_private_interface.h */; };
		C905840C25A5D8DC000C515B /* graphics_device_functions.h in Headers */ = {isa = PBXBuildFile; fileRef = C90583DA25A5D8D9000C515B /* graphics_device_functions.h */; };
		C905840D25A5D8DC000C515B /* graphics_drawable_interface.c in Sources */ = {isa = PBXBuildFile; fileRef = C90583DB25A5D8D9000C515B /* graphics_drawable_interface.c */; };
		C905840E25A5D8DC000C515B /* command_queue_interface.h in Headers */ = {isa = PBXBuildFile; fileRef = C90583DC25A5D8D9000C515B /* command_queue_interface.h */; };
		C905840F25A5D8DC000C515B /* render_state.h in Headers */ = {isa = PBXBuildFile; fileRef = C90583DD25A5D8D9000C515B /* render_state.h */; };
		C905841025A5D8DC000C515B /* GraphicsView.m in Sources */ = {isa = PBXBuildFile; fileRef = C90583DE25A5D8D9000C515B /* GraphicsView.m */; };
		C905841125A5D8DC000C515B /* graphics_drawable.h in Headers */ = {isa = PBXBuildFile; fileRef = C90583DF25A5D8D9000C515B /* graphics_drawable.h */; };
		C905841225A5D8DC000C515B /* private_interface.h in Headers */ = {isa = PBXBuildFile; fileRef = C90583E025A5D8DA000C515B /* private_interface.h */; };
		C905841325A5D8DC000C515B /* apple_graphics_device.h in Headers */ = {isa = PBXBuildFile; fileRef = C90583E125A5D8DA000C515B /* apple_graphics_device.h */; };
		C905841425A5D8DC000C515B /* texture2d.h in Headers */ = {isa = PBXBuildFile; fileRef = C90583E225A5D8DA000C515B /* texture2d.h */; };
		C905841525A5D8DC000C515B /* texture2d_interface.h in Headers */ = {isa = PBXBuildFile; fileRef = C90583E325A5D8DA000C515B /* texture2d_interface.h */; };
		C905841625A5D8DC000C515B /* depth_stencil_state_interface.c in Sources */ = {isa = PBXBuildFile; fileRef = C90583E425A5D8DA000C515B /* depth_stencil_state_interface.c */; };
		C905841725A5D8DC000C515B /* graphics_device.h in Headers */ = {isa = PBXBuildFile; fileRef = C90583E525A5D8DA000C515B /* graphics_device.h */; };
		C905841825A5D8DC000C515B /* texture_usage.h in Headers */ = {isa = PBXBuildFile; fileRef = C90583E625A5D8DA000C515B /* texture_usage.h */; };
		C905841925A5D8DC000C515B /* blit_command_encoder.h in Headers */ = {isa = PBXBuildFile; fileRef = C90583E725A5D8DA000C515B /* blit_command_encoder.h */; };
		C905841A25A5D8DC000C515B /* pixel_format.h in Headers */ = {isa = PBXBuildFile; fileRef = C90583E825A5D8DA000C515B /* pixel_format.h */; };
		C905841B25A5D8DC000C515B /* graphics_buffer_interface.c in Sources */ = {isa = PBXBuildFile; fileRef = C90583E925A5D8DA000C515B /* graphics_buffer_interface.c */; };
		C905841C25A5D8DC000C515B /* depth_stencil_state_interface.h in Headers */ = {isa = PBXBuildFile; fileRef = C90583EA25A5D8DA000C515B /* depth_stencil_state_interface.h */; };
		C905841D25A5D8DC000C515B /* command_buffer_interface.h in Headers */ = {isa = PBXBuildFile; fileRef = C90583EB25A5D8DA000C515B /* command_buffer_interface.h */; };
		C905841E25A5D8DC000C515B /* render_command_encoder_interface.c in Sources */ = {isa = PBXBuildFile; fileRef = C90583EC25A5D8DB000C515B /* render_command_encoder_interface.c */; };
		C905841F25A5D8DC000C515B /* render_command_encoder_interface.h in Headers */ = {isa = PBXBuildFile; fileRef = C90583ED25A5D8DB000C515B /* render_command_encoder_interface.h */; };
		C905842025A5D8DC000C515B /* render_state_interface.h in Headers */ = {isa = PBXBuildFile; fileRef = C90583EE25A5D8DB000C515B /* render_state_interface.h */; };
		C905842125A5D8DC000C515B /* render_settings_interface.c in Sources */ = {isa = PBXBuildFile; fileRef = C90583EF25A5D8DB000C515B /* render_settings_interface.c */; };
		C905842225A5D8DC000C515B /* graphics_device_interface.h in Headers */ = {isa = PBXBuildFile; fileRef = C90583F025A5D8DB000C515B /* graphics_device_interface.h */; };
		C905842325A5D8DC000C515B /* depth_stencil_state.h in Headers */ = {isa = PBXBuildFile; fileRef = C90583F125A5D8DB000C515B /* depth_stencil_state.h */; };
		C905842425A5D8DC000C515B /* command_buffer_interface.c in Sources */ = {isa = PBXBuildFile; fileRef = C90583F225A5D8DB000C515B /* command_buffer_interface.c */; };
		C905842525A5D8DC000C515B /* graphics.h in Headers */ = {isa = PBXBuildFile; fileRef = C90583F325A5D8DB000C515B /* graphics.h */; };
		C905842625A5D8DC000C515B /* blit_command_encoder_interface.c in Sources */ = {isa = PBXBuildFile; fileRef = C90583F425A5D8DB000C515B /* blit_command_encoder_interface.c */; };
		C905842725A5D8DC000C515B /* command_buffer.h in Headers */ = {isa = PBXBuildFile; fileRef = C90583F525A5D8DB000C515B /* command_buffer.h */; };
		C905842825A5D8DC000C515B /* render_state_interface.c in Sources */ = {isa = PBXBuildFile; fileRef = C90583F625A5D8DB000C515B /* render_state_interface.c */; };
		C905842925A5D8DC000C515B /* graphics_apple.h in Headers */ = {isa = PBXBuildFile; fileRef = C90583F725A5D8DC000C515B /* graphics_apple.h */; };
		C905842A25A5D8DC000C515B /* render_settings_interface.h in Headers */ = {isa = PBXBuildFile; fileRef = C90583F825A5D8DC000C515B /* render_settings_interface.h */; };
		C905842B25A5D8DC000C515B /* graphics_view_interface.h in Headers */ = {isa = PBXBuildFile; fileRef = C90583F925A5D8DC000C515B /* graphics_view_interface.h */; };
		C905842C25A5D8DC000C515B /* render_command_encoder.h in Headers */ = {isa = PBXBuildFile; fileRef = C90583FA25A5D8DC000C515B /* render_command_encoder.h */; };
		C905842D25A5D8DC000C515B /* graphics_buffer_interface.h in Headers */ = {isa = PBXBuildFile; fileRef = C90583FB25A5D8DC000C515B /* graphics_buffer_interface.h */; };
		C905842E25A5D8DC000C515B /* graphics_drawable_interface.h in Headers */ = {isa = PBXBuildFile; fileRef = C90583FC25A5D8DC000C515B /* graphics_drawable_interface.h */; };
		C905842F25A5D8DC000C515B /* graphics_view_functions.h in Headers */ = {isa = PBXBuildFile; fileRef = C90583FD25A5D8DC000C515B /* graphics_view_functions.h */; };
		C905843025A5D8DC000C515B /* graphics_view_interface.c in Sources */ = {isa = PBXBuildFile; fileRef = C90583FE25A5D8DC000C515B /* graphics_view_interface.c */; };
/* End PBXBuildFile section */

/* Begin PBXFileReference section */
		C90583C425A5D764000C515B /* libgraphics_macOS.a */ = {isa = PBXFileReference; explicitFileType = archive.ar; includeInIndex = 0; path = libgraphics_macOS.a; sourceTree = BUILT_PRODUCTS_DIR; };
		C90583CD25A5D8D8000C515B /* blit_command_encoder_interface.h */ = {isa = PBXFileReference; fileEncoding = 4; lastKnownFileType = sourcecode.c.h; path = blit_command_encoder_interface.h; sourceTree = "<group>"; };
		C90583CE25A5D8D8000C515B /* graphics_buffer_option.h */ = {isa = PBXFileReference; fileEncoding = 4; lastKnownFileType = sourcecode.c.h; path = graphics_buffer_option.h; sourceTree = "<group>"; };
		C90583CF25A5D8D8000C515B /* GraphicsView.h */ = {isa = PBXFileReference; fileEncoding = 4; lastKnownFileType = sourcecode.c.h; path = GraphicsView.h; sourceTree = "<group>"; };
		C90583D025A5D8D8000C515B /* command_queue_interface.c */ = {isa = PBXFileReference; fileEncoding = 4; lastKnownFileType = sourcecode.c.c; path = command_queue_interface.c; sourceTree = "<group>"; };
		C90583D125A5D8D8000C515B /* apple_graphics_device.m */ = {isa = PBXFileReference; fileEncoding = 4; lastKnownFileType = sourcecode.c.objc; path = apple_graphics_device.m; sourceTree = "<group>"; };
		C90583D225A5D8D8000C515B /* command_queue.h */ = {isa = PBXFileReference; fileEncoding = 4; lastKnownFileType = sourcecode.c.h; path = command_queue.h; sourceTree = "<group>"; };
		C90583D325A5D8D8000C515B /* graphics_device_interface.c */ = {isa = PBXFileReference; fileEncoding = 4; lastKnownFileType = sourcecode.c.c; path = graphics_device_interface.c; sourceTree = "<group>"; };
		C90583D425A5D8D9000C515B /* command_queue_private_interface.c */ = {isa = PBXFileReference; fileEncoding = 4; lastKnownFileType = sourcecode.c.c; path = command_queue_private_interface.c; sourceTree = "<group>"; };
		C90583D525A5D8D9000C515B /* texture2d_interface.c */ = {isa = PBXFileReference; fileEncoding = 4; lastKnownFileType = sourcecode.c.c; path = texture2d_interface.c; sourceTree = "<group>"; };
		C90583D625A5D8D9000C515B /* graphics_buffer.h */ = {isa = PBXFileReference; fileEncoding = 4; lastKnownFileType = sourcecode.c.h; path = graphics_buffer.h; sourceTree = "<group>"; };
		C90583D725A5D8D9000C515B /* graphics_view.h */ = {isa = PBXFileReference; fileEncoding = 4; lastKnownFileType = sourcecode.c.h; path = graphics_view.h; sourceTree = "<group>"; };
		C90583D825A5D8D9000C515B /* render_settings.h */ = {isa = PBXFileReference; fileEncoding = 4; lastKnownFileType = sourcecode.c.h; path = render_settings.h; sourceTree = "<group>"; };
		C90583D925A5D8D9000C515B /* command_queue_private_interface.h */ = {isa = PBXFileReference; fileEncoding = 4; lastKnownFileType = sourcecode.c.h; path = command_queue_private_interface.h; sourceTree = "<group>"; };
		C90583DA25A5D8D9000C515B /* graphics_device_functions.h */ = {isa = PBXFileReference; fileEncoding = 4; lastKnownFileType = sourcecode.c.h; path = graphics_device_functions.h; sourceTree = "<group>"; };
		C90583DB25A5D8D9000C515B /* graphics_drawable_interface.c */ = {isa = PBXFileReference; fileEncoding = 4; lastKnownFileType = sourcecode.c.c; path = graphics_drawable_interface.c; sourceTree = "<group>"; };
		C90583DC25A5D8D9000C515B /* command_queue_interface.h */ = {isa = PBXFileReference; fileEncoding = 4; lastKnownFileType = sourcecode.c.h; path = command_queue_interface.h; sourceTree = "<group>"; };
		C90583DD25A5D8D9000C515B /* render_state.h */ = {isa = PBXFileReference; fileEncoding = 4; lastKnownFileType = sourcecode.c.h; path = render_state.h; sourceTree = "<group>"; };
		C90583DE25A5D8D9000C515B /* GraphicsView.m */ = {isa = PBXFileReference; fileEncoding = 4; lastKnownFileType = sourcecode.c.objc; path = GraphicsView.m; sourceTree = "<group>"; };
		C90583DF25A5D8D9000C515B /* graphics_drawable.h */ = {isa = PBXFileReference; fileEncoding = 4; lastKnownFileType = sourcecode.c.h; path = graphics_drawable.h; sourceTree = "<group>"; };
		C90583E025A5D8DA000C515B /* private_interface.h */ = {isa = PBXFileReference; fileEncoding = 4; lastKnownFileType = sourcecode.c.h; path = private_interface.h; sourceTree = "<group>"; };
		C90583E125A5D8DA000C515B /* apple_graphics_device.h */ = {isa = PBXFileReference; fileEncoding = 4; lastKnownFileType = sourcecode.c.h; path = apple_graphics_device.h; sourceTree = "<group>"; };
		C90583E225A5D8DA000C515B /* texture2d.h */ = {isa = PBXFileReference; fileEncoding = 4; lastKnownFileType = sourcecode.c.h; path = texture2d.h; sourceTree = "<group>"; };
		C90583E325A5D8DA000C515B /* texture2d_interface.h */ = {isa = PBXFileReference; fileEncoding = 4; lastKnownFileType = sourcecode.c.h; path = texture2d_interface.h; sourceTree = "<group>"; };
		C90583E425A5D8DA000C515B /* depth_stencil_state_interface.c */ = {isa = PBXFileReference; fileEncoding = 4; lastKnownFileType = sourcecode.c.c; path = depth_stencil_state_interface.c; sourceTree = "<group>"; };
		C90583E525A5D8DA000C515B /* graphics_device.h */ = {isa = PBXFileReference; fileEncoding = 4; lastKnownFileType = sourcecode.c.h; path = graphics_device.h; sourceTree = "<group>"; };
		C90583E625A5D8DA000C515B /* texture_usage.h */ = {isa = PBXFileReference; fileEncoding = 4; lastKnownFileType = sourcecode.c.h; path = texture_usage.h; sourceTree = "<group>"; };
		C90583E725A5D8DA000C515B /* blit_command_encoder.h */ = {isa = PBXFileReference; fileEncoding = 4; lastKnownFileType = sourcecode.c.h; path = blit_command_encoder.h; sourceTree = "<group>"; };
		C90583E825A5D8DA000C515B /* pixel_format.h */ = {isa = PBXFileReference; fileEncoding = 4; lastKnownFileType = sourcecode.c.h; path = pixel_format.h; sourceTree = "<group>"; };
		C90583E925A5D8DA000C515B /* graphics_buffer_interface.c */ = {isa = PBXFileReference; fileEncoding = 4; lastKnownFileType = sourcecode.c.c; path = graphics_buffer_interface.c; sourceTree = "<group>"; };
		C90583EA25A5D8DA000C515B /* depth_stencil_state_interface.h */ = {isa = PBXFileReference; fileEncoding = 4; lastKnownFileType = sourcecode.c.h; path = depth_stencil_state_interface.h; sourceTree = "<group>"; };
		C90583EB25A5D8DA000C515B /* command_buffer_interface.h */ = {isa = PBXFileReference; fileEncoding = 4; lastKnownFileType = sourcecode.c.h; path = command_buffer_interface.h; sourceTree = "<group>"; };
		C90583EC25A5D8DB000C515B /* render_command_encoder_interface.c */ = {isa = PBXFileReference; fileEncoding = 4; lastKnownFileType = sourcecode.c.c; path = render_command_encoder_interface.c; sourceTree = "<group>"; };
		C90583ED25A5D8DB000C515B /* render_command_encoder_interface.h */ = {isa = PBXFileReference; fileEncoding = 4; lastKnownFileType = sourcecode.c.h; path = render_command_encoder_interface.h; sourceTree = "<group>"; };
		C90583EE25A5D8DB000C515B /* render_state_interface.h */ = {isa = PBXFileReference; fileEncoding = 4; lastKnownFileType = sourcecode.c.h; path = render_state_interface.h; sourceTree = "<group>"; };
		C90583EF25A5D8DB000C515B /* render_settings_interface.c */ = {isa = PBXFileReference; fileEncoding = 4; lastKnownFileType = sourcecode.c.c; path = render_settings_interface.c; sourceTree = "<group>"; };
		C90583F025A5D8DB000C515B /* graphics_device_interface.h */ = {isa = PBXFileReference; fileEncoding = 4; lastKnownFileType = sourcecode.c.h; path = graphics_device_interface.h; sourceTree = "<group>"; };
		C90583F125A5D8DB000C515B /* depth_stencil_state.h */ = {isa = PBXFileReference; fileEncoding = 4; lastKnownFileType = sourcecode.c.h; path = depth_stencil_state.h; sourceTree = "<group>"; };
		C90583F225A5D8DB000C515B /* command_buffer_interface.c */ = {isa = PBXFileReference; fileEncoding = 4; lastKnownFileType = sourcecode.c.c; path = command_buffer_interface.c; sourceTree = "<group>"; };
		C90583F325A5D8DB000C515B /* graphics.h */ = {isa = PBXFileReference; fileEncoding = 4; lastKnownFileType = sourcecode.c.h; path = graphics.h; sourceTree = "<group>"; };
		C90583F425A5D8DB000C515B /* blit_command_encoder_interface.c */ = {isa = PBXFileReference; fileEncoding = 4; lastKnownFileType = sourcecode.c.c; path = blit_command_encoder_interface.c; sourceTree = "<group>"; };
		C90583F525A5D8DB000C515B /* command_buffer.h */ = {isa = PBXFileReference; fileEncoding = 4; lastKnownFileType = sourcecode.c.h; path = command_buffer.h; sourceTree = "<group>"; };
		C90583F625A5D8DB000C515B /* render_state_interface.c */ = {isa = PBXFileReference; fileEncoding = 4; lastKnownFileType = sourcecode.c.c; path = render_state_interface.c; sourceTree = "<group>"; };
		C90583F725A5D8DC000C515B /* graphics_apple.h */ = {isa = PBXFileReference; fileEncoding = 4; lastKnownFileType = sourcecode.c.h; path = graphics_apple.h; sourceTree = "<group>"; };
		C90583F825A5D8DC000C515B /* render_settings_interface.h */ = {isa = PBXFileReference; fileEncoding = 4; lastKnownFileType = sourcecode.c.h; path = render_settings_interface.h; sourceTree = "<group>"; };
		C90583F925A5D8DC000C515B /* graphics_view_interface.h */ = {isa = PBXFileReference; fileEncoding = 4; lastKnownFileType = sourcecode.c.h; path = graphics_view_interface.h; sourceTree = "<group>"; };
		C90583FA25A5D8DC000C515B /* render_command_encoder.h */ = {isa = PBXFileReference; fileEncoding = 4; lastKnownFileType = sourcecode.c.h; path = render_command_encoder.h; sourceTree = "<group>"; };
		C90583FB25A5D8DC000C515B /* graphics_buffer_interface.h */ = {isa = PBXFileReference; fileEncoding = 4; lastKnownFileType = sourcecode.c.h; path = graphics_buffer_interface.h; sourceTree = "<group>"; };
		C90583FC25A5D8DC000C515B /* graphics_drawable_interface.h */ = {isa = PBXFileReference; fileEncoding = 4; lastKnownFileType = sourcecode.c.h; path = graphics_drawable_interface.h; sourceTree = "<group>"; };
		C90583FD25A5D8DC000C515B /* graphics_view_functions.h */ = {isa = PBXFileReference; fileEncoding = 4; lastKnownFileType = sourcecode.c.h; path = graphics_view_functions.h; sourceTree = "<group>"; };
		C90583FE25A5D8DC000C515B /* graphics_view_interface.c */ = {isa = PBXFileReference; fileEncoding = 4; lastKnownFileType = sourcecode.c.c; path = graphics_view_interface.c; sourceTree = "<group>"; };
/* End PBXFileReference section */

/* Begin PBXFrameworksBuildPhase section */
		C90583C225A5D764000C515B /* Frameworks */ = {
			isa = PBXFrameworksBuildPhase;
			buildActionMask = 2147483647;
			files = (
			);
			runOnlyForDeploymentPostprocessing = 0;
		};
/* End PBXFrameworksBuildPhase section */

/* Begin PBXGroup section */
		C90583BB25A5D764000C515B = {
			isa = PBXGroup;
			children = (
				C90583CC25A5D776000C515B /* graphics */,
				C90583C525A5D764000C515B /* Products */,
			);
			sourceTree = "<group>";
		};
		C90583C525A5D764000C515B /* Products */ = {
			isa = PBXGroup;
			children = (
				C90583C425A5D764000C515B /* libgraphics_macOS.a */,
			);
			name = Products;
			sourceTree = "<group>";
		};
		C90583CC25A5D776000C515B /* graphics */ = {
			isa = PBXGroup;
			children = (
				C90583F325A5D8DB000C515B /* graphics.h */,
				C90583F725A5D8DC000C515B /* graphics_apple.h */,
				C90583E025A5D8DA000C515B /* private_interface.h */,
				C905846225A5E1FA000C515B /* Blit command encoder */,
				C905845825A5E10D000C515B /* Graphics buffer */,
				C905844325A5D9A3000C515B /* Texture 2d */,
				C905844025A5D994000C515B /* Render settings */,
				C905845E25A5E184000C515B /* Command queue */,
				C905846025A5E1DA000C515B /* Command buffer */,
				C905845B25A5E13C000C515B /* Depth stencil state */,
				C905843C25A5D985000C515B /* Render state */,
				C905844C25A5DA10000C515B /* Render command encoder */,
				C905844F25A5DA2D000C515B /* Graphics view */,
				C905845325A5DA70000C515B /* Graphics drawable */,
				C905845625A5DAF6000C515B /* Graphics device */,
			);
			path = graphics;
			sourceTree = "<group>";
		};
		C905843C25A5D985000C515B /* Render state */ = {
			isa = PBXGroup;
			children = (
				C90583DD25A5D8D9000C515B /* render_state.h */,
				C90583EE25A5D8DB000C515B /* render_state_interface.h */,
				C90583F625A5D8DB000C515B /* render_state_interface.c */,
			);
			name = "Render state";
			sourceTree = "<group>";
		};
		C905844025A5D994000C515B /* Render settings */ = {
			isa = PBXGroup;
			children = (
				C90583D825A5D8D9000C515B /* render_settings.h */,
				C90583F825A5D8DC000C515B /* render_settings_interface.h */,
				C90583EF25A5D8DB000C515B /* render_settings_interface.c */,
			);
			name = "Render settings";
			sourceTree = "<group>";
		};
		C905844325A5D9A3000C515B /* Texture 2d */ = {
			isa = PBXGroup;
			children = (
				C90583E625A5D8DA000C515B /* texture_usage.h */,
				C90583E825A5D8DA000C515B /* pixel_format.h */,
				C90583E225A5D8DA000C515B /* texture2d.h */,
				C90583E325A5D8DA000C515B /* texture2d_interface.h */,
				C90583D525A5D8D9000C515B /* texture2d_interface.c */,
			);
			name = "Texture 2d";
			sourceTree = "<group>";
		};
		C905844C25A5DA10000C515B /* Render command encoder */ = {
			isa = PBXGroup;
			children = (
				C90583FA25A5D8DC000C515B /* render_command_encoder.h */,
				C90583ED25A5D8DB000C515B /* render_command_encoder_interface.h */,
				C90583EC25A5D8DB000C515B /* render_command_encoder_interface.c */,
			);
			name = "Render command encoder";
			sourceTree = "<group>";
		};
		C905844F25A5DA2D000C515B /* Graphics view */ = {
			isa = PBXGroup;
			children = (
				C90583FD25A5D8DC000C515B /* graphics_view_functions.h */,
				C90583D725A5D8D9000C515B /* graphics_view.h */,
				C90583F925A5D8DC000C515B /* graphics_view_interface.h */,
				C90583FE25A5D8DC000C515B /* graphics_view_interface.c */,
				C905845125A5DA3E000C515B /* Apple */,
			);
			name = "Graphics view";
			sourceTree = "<group>";
		};
		C905845125A5DA3E000C515B /* Apple */ = {
			isa = PBXGroup;
			children = (
				C90583CF25A5D8D8000C515B /* GraphicsView.h */,
				C90583DE25A5D8D9000C515B /* GraphicsView.m */,
			);
			name = Apple;
			sourceTree = "<group>";
		};
		C905845325A5DA70000C515B /* Graphics drawable */ = {
			isa = PBXGroup;
			children = (
				C90583DF25A5D8D9000C515B /* graphics_drawable.h */,
				C90583FC25A5D8DC000C515B /* graphics_drawable_interface.h */,
				C90583DB25A5D8D9000C515B /* graphics_drawable_interface.c */,
			);
			name = "Graphics drawable";
			sourceTree = "<group>";
		};
		C905845625A5DAF6000C515B /* Graphics device */ = {
			isa = PBXGroup;
			children = (
				C90583DA25A5D8D9000C515B /* graphics_device_functions.h */,
				C90583E525A5D8DA000C515B /* graphics_device.h */,
				C90583F025A5D8DB000C515B /* graphics_device_interface.h */,
				C90583D325A5D8D8000C515B /* graphics_device_interface.c */,
				C905846425A5E25B000C515B /* Apple */,
			);
			name = "Graphics device";
			sourceTree = "<group>";
		};
		C905845825A5E10D000C515B /* Graphics buffer */ = {
			isa = PBXGroup;
			children = (
				C90583CE25A5D8D8000C515B /* graphics_buffer_option.h */,
				C90583D625A5D8D9000C515B /* graphics_buffer.h */,
				C90583FB25A5D8DC000C515B /* graphics_buffer_interface.h */,
				C90583E925A5D8DA000C515B /* graphics_buffer_interface.c */,
			);
			name = "Graphics buffer";
			sourceTree = "<group>";
		};
		C905845B25A5E13C000C515B /* Depth stencil state */ = {
			isa = PBXGroup;
			children = (
				C90583F125A5D8DB000C515B /* depth_stencil_state.h */,
				C90583EA25A5D8DA000C515B /* depth_stencil_state_interface.h */,
				C90583E425A5D8DA000C515B /* depth_stencil_state_interface.c */,
			);
			name = "Depth stencil state";
			sourceTree = "<group>";
		};
		C905845E25A5E184000C515B /* Command queue */ = {
			isa = PBXGroup;
			children = (
				C90583D225A5D8D8000C515B /* command_queue.h */,
				C90583DC25A5D8D9000C515B /* command_queue_interface.h */,
				C90583D025A5D8D8000C515B /* command_queue_interface.c */,
				C90583D925A5D8D9000C515B /* command_queue_private_interface.h */,
				C90583D425A5D8D9000C515B /* command_queue_private_interface.c */,
			);
			name = "Command queue";
			sourceTree = "<group>";
		};
		C905846025A5E1DA000C515B /* Command buffer */ = {
			isa = PBXGroup;
			children = (
				C90583F525A5D8DB000C515B /* command_buffer.h */,
				C90583EB25A5D8DA000C515B /* command_buffer_interface.h */,
				C90583F225A5D8DB000C515B /* command_buffer_interface.c */,
			);
			name = "Command buffer";
			sourceTree = "<group>";
		};
		C905846225A5E1FA000C515B /* Blit command encoder */ = {
			isa = PBXGroup;
			children = (
				C90583E725A5D8DA000C515B /* blit_command_encoder.h */,
				C90583CD25A5D8D8000C515B /* blit_command_encoder_interface.h */,
				C90583F425A5D8DB000C515B /* blit_command_encoder_interface.c */,
			);
			name = "Blit command encoder";
			sourceTree = "<group>";
		};
		C905846425A5E25B000C515B /* Apple */ = {
			isa = PBXGroup;
			children = (
				C90583E125A5D8DA000C515B /* apple_graphics_device.h */,
				C90583D125A5D8D8000C515B /* apple_graphics_device.m */,
			);
			name = Apple;
			sourceTree = "<group>";
		};
/* End PBXGroup section */

/* Begin PBXHeadersBuildPhase section */
		C90583C025A5D764000C515B /* Headers */ = {
			isa = PBXHeadersBuildPhase;
			buildActionMask = 2147483647;
			files = (
				C905840425A5D8DC000C515B /* command_queue.h in Headers */,
				C905842925A5D8DC000C515B /* graphics_apple.h in Headers */,
				C905840C25A5D8DC000C515B /* graphics_device_functions.h in Headers */,
				C905841A25A5D8DC000C515B /* pixel_format.h in Headers */,
				C905841725A5D8DC000C515B /* graphics_device.h in Headers */,
				C905842225A5D8DC000C515B /* graphics_device_interface.h in Headers */,
				C905841525A5D8DC000C515B /* texture2d_interface.h in Headers */,
				C905840E25A5D8DC000C515B /* command_queue_interface.h in Headers */,
				C905842325A5D8DC000C515B /* depth_stencil_state.h in Headers */,
				C905841D25A5D8DC000C515B /* command_buffer_interface.h in Headers */,
				C905841425A5D8DC000C515B /* texture2d.h in Headers */,
				C905842C25A5D8DC000C515B /* render_command_encoder.h in Headers */,
				C905840025A5D8DC000C515B /* graphics_buffer_option.h in Headers */,
				C905841325A5D8DC000C515B /* apple_graphics_device.h in Headers */,
				C905840F25A5D8DC000C515B /* render_state.h in Headers */,
				C905842D25A5D8DC000C515B /* graphics_buffer_interface.h in Headers */,
				C905840925A5D8DC000C515B /* graphics_view.h in Headers */,
				C905842A25A5D8DC000C515B /* render_settings_interface.h in Headers */,
				C905842725A5D8DC000C515B /* command_buffer.h in Headers */,
				C905841825A5D8DC000C515B /* texture_usage.h in Headers */,
				C905840125A5D8DC000C515B /* GraphicsView.h in Headers */,
				C905840B25A5D8DC000C515B /* command_queue_private_interface.h in Headers */,
				C905842F25A5D8DC000C515B /* graphics_view_functions.h in Headers */,
				C905840A25A5D8DC000C515B /* render_settings.h in Headers */,
				C905840825A5D8DC000C515B /* graphics_buffer.h in Headers */,
				C905842B25A5D8DC000C515B /* graphics_view_interface.h in Headers */,
				C90583FF25A5D8DC000C515B /* blit_command_encoder_interface.h in Headers */,
				C905841925A5D8DC000C515B /* blit_command_encoder.h in Headers */,
				C905842E25A5D8DC000C515B /* graphics_drawable_interface.h in Headers */,
				C905841F25A5D8DC000C515B /* render_command_encoder_interface.h in Headers */,
				C905841225A5D8DC000C515B /* private_interface.h in Headers */,
				C905841125A5D8DC000C515B /* graphics_drawable.h in Headers */,
				C905842025A5D8DC000C515B /* render_state_interface.h in Headers */,
				C905841C25A5D8DC000C515B /* depth_stencil_state_interface.h in Headers */,
				C905842525A5D8DC000C515B /* graphics.h in Headers */,
			);
			runOnlyForDeploymentPostprocessing = 0;
		};
/* End PBXHeadersBuildPhase section */

/* Begin PBXNativeTarget section */
		C90583C325A5D764000C515B /* graphics macOS */ = {
			isa = PBXNativeTarget;
			buildConfigurationList = C90583C825A5D764000C515B /* Build configuration list for PBXNativeTarget "graphics macOS" */;
			buildPhases = (
				C90583C025A5D764000C515B /* Headers */,
				C90583C125A5D764000C515B /* Sources */,
				C90583C225A5D764000C515B /* Frameworks */,
			);
			buildRules = (
			);
			dependencies = (
			);
			name = "graphics macOS";
			productName = graphics;
			productReference = C90583C425A5D764000C515B /* libgraphics_macOS.a */;
			productType = "com.apple.product-type.library.static";
		};
/* End PBXNativeTarget section */

/* Begin PBXProject section */
		C90583BC25A5D764000C515B /* Project object */ = {
			isa = PBXProject;
			attributes = {
				LastUpgradeCheck = 1230;
				TargetAttributes = {
					C90583C325A5D764000C515B = {
						CreatedOnToolsVersion = 12.3;
					};
				};
			};
			buildConfigurationList = C90583BF25A5D764000C515B /* Build configuration list for PBXProject "graphics" */;
			compatibilityVersion = "Xcode 9.3";
			developmentRegion = en;
			hasScannedForEncodings = 0;
			knownRegions = (
				en,
				Base,
			);
			mainGroup = C90583BB25A5D764000C515B;
			productRefGroup = C90583C525A5D764000C515B /* Products */;
			projectDirPath = "";
			projectRoot = "";
			targets = (
				C90583C325A5D764000C515B /* graphics macOS */,
			);
		};
/* End PBXProject section */

/* Begin PBXSourcesBuildPhase section */
		C90583C125A5D764000C515B /* Sources */ = {
			isa = PBXSourcesBuildPhase;
			buildActionMask = 2147483647;
			files = (
				C905840D25A5D8DC000C515B /* graphics_drawable_interface.c in Sources */,
				C905840225A5D8DC000C515B /* command_queue_interface.c in Sources */,
				C905840625A5D8DC000C515B /* command_queue_private_interface.c in Sources */,
				C905840725A5D8DC000C515B /* texture2d_interface.c in Sources */,
				C905841E25A5D8DC000C515B /* render_command_encoder_interface.c in Sources */,
				C905842825A5D8DC000C515B /* render_state_interface.c in Sources */,
				C905840325A5D8DC000C515B /* apple_graphics_device.m in Sources */,
				C905841025A5D8DC000C515B /* GraphicsView.m in Sources */,
				C905843025A5D8DC000C515B /* graphics_view_interface.c in Sources */,
				C905841B25A5D8DC000C515B /* graphics_buffer_interface.c in Sources */,
				C905842125A5D8DC000C515B /* render_settings_interface.c in Sources */,
				C905842625A5D8DC000C515B /* blit_command_encoder_interface.c in Sources */,
				C905841625A5D8DC000C515B /* depth_stencil_state_interface.c in Sources */,
				C905840525A5D8DC000C515B /* graphics_device_interface.c in Sources */,
				C905842425A5D8DC000C515B /* command_buffer_interface.c in Sources */,
			);
			runOnlyForDeploymentPostprocessing = 0;
		};
/* End PBXSourcesBuildPhase section */

/* Begin XCBuildConfiguration section */
		C90583C625A5D764000C515B /* Debug */ = {
			isa = XCBuildConfiguration;
			buildSettings = {
				ALWAYS_SEARCH_USER_PATHS = NO;
				CLANG_ANALYZER_NONNULL = YES;
				CLANG_ANALYZER_NUMBER_OBJECT_CONVERSION = YES_AGGRESSIVE;
				CLANG_CXX_LANGUAGE_STANDARD = "gnu++14";
				CLANG_CXX_LIBRARY = "libc++";
				CLANG_ENABLE_MODULES = YES;
				CLANG_ENABLE_OBJC_ARC = YES;
				CLANG_ENABLE_OBJC_WEAK = YES;
				CLANG_WARN_BLOCK_CAPTURE_AUTORELEASING = YES;
				CLANG_WARN_BOOL_CONVERSION = YES;
				CLANG_WARN_COMMA = YES;
				CLANG_WARN_CONSTANT_CONVERSION = YES;
				CLANG_WARN_DEPRECATED_OBJC_IMPLEMENTATIONS = YES;
				CLANG_WARN_DIRECT_OBJC_ISA_USAGE = YES_ERROR;
				CLANG_WARN_DOCUMENTATION_COMMENTS = YES;
				CLANG_WARN_EMPTY_BODY = YES;
				CLANG_WARN_ENUM_CONVERSION = YES;
				CLANG_WARN_INFINITE_RECURSION = YES;
				CLANG_WARN_INT_CONVERSION = YES;
				CLANG_WARN_NON_LITERAL_NULL_CONVERSION = YES;
				CLANG_WARN_OBJC_IMPLICIT_RETAIN_SELF = YES;
				CLANG_WARN_OBJC_LITERAL_CONVERSION = YES;
				CLANG_WARN_OBJC_ROOT_CLASS = YES_ERROR;
				CLANG_WARN_QUOTED_INCLUDE_IN_FRAMEWORK_HEADER = YES;
				CLANG_WARN_RANGE_LOOP_ANALYSIS = YES;
				CLANG_WARN_STRICT_PROTOTYPES = YES;
				CLANG_WARN_SUSPICIOUS_MOVE = YES;
				CLANG_WARN_UNGUARDED_AVAILABILITY = YES_AGGRESSIVE;
				CLANG_WARN_UNREACHABLE_CODE = YES;
				CLANG_WARN__DUPLICATE_METHOD_MATCH = YES;
				COPY_PHASE_STRIP = NO;
				DEBUG_INFORMATION_FORMAT = dwarf;
				ENABLE_STRICT_OBJC_MSGSEND = YES;
				ENABLE_TESTABILITY = YES;
				GCC_C_LANGUAGE_STANDARD = gnu11;
				GCC_DYNAMIC_NO_PIC = NO;
				GCC_NO_COMMON_BLOCKS = YES;
				GCC_OPTIMIZATION_LEVEL = 0;
				GCC_PREPROCESSOR_DEFINITIONS = (
					"DEBUG=1",
					"$(inherited)",
				);
				GCC_WARN_64_TO_32_BIT_CONVERSION = YES;
				GCC_WARN_ABOUT_RETURN_TYPE = YES_ERROR;
				GCC_WARN_UNDECLARED_SELECTOR = YES;
				GCC_WARN_UNINITIALIZED_AUTOS = YES_AGGRESSIVE;
				GCC_WARN_UNUSED_FUNCTION = YES;
				GCC_WARN_UNUSED_VARIABLE = YES;
				MACOSX_DEPLOYMENT_TARGET = 11.1;
				MTL_ENABLE_DEBUG_INFO = INCLUDE_SOURCE;
				MTL_FAST_MATH = YES;
				ONLY_ACTIVE_ARCH = YES;
				SDKROOT = macosx;
			};
			name = Debug;
		};
		C90583C725A5D764000C515B /* Release */ = {
			isa = XCBuildConfiguration;
			buildSettings = {
				ALWAYS_SEARCH_USER_PATHS = NO;
				CLANG_ANALYZER_NONNULL = YES;
				CLANG_ANALYZER_NUMBER_OBJECT_CONVERSION = YES_AGGRESSIVE;
				CLANG_CXX_LANGUAGE_STANDARD = "gnu++14";
				CLANG_CXX_LIBRARY = "libc++";
				CLANG_ENABLE_MODULES = YES;
				CLANG_ENABLE_OBJC_ARC = YES;
				CLANG_ENABLE_OBJC_WEAK = YES;
				CLANG_WARN_BLOCK_CAPTURE_AUTORELEASING = YES;
				CLANG_WARN_BOOL_CONVERSION = YES;
				CLANG_WARN_COMMA = YES;
				CLANG_WARN_CONSTANT_CONVERSION = YES;
				CLANG_WARN_DEPRECATED_OBJC_IMPLEMENTATIONS = YES;
				CLANG_WARN_DIRECT_OBJC_ISA_USAGE = YES_ERROR;
				CLANG_WARN_DOCUMENTATION_COMMENTS = YES;
				CLANG_WARN_EMPTY_BODY = YES;
				CLANG_WARN_ENUM_CONVERSION = YES;
				CLANG_WARN_INFINITE_RECURSION = YES;
				CLANG_WARN_INT_CONVERSION = YES;
				CLANG_WARN_NON_LITERAL_NULL_CONVERSION = YES;
				CLANG_WARN_OBJC_IMPLICIT_RETAIN_SELF = YES;
				CLANG_WARN_OBJC_LITERAL_CONVERSION = YES;
				CLANG_WARN_OBJC_ROOT_CLASS = YES_ERROR;
				CLANG_WARN_QUOTED_INCLUDE_IN_FRAMEWORK_HEADER = YES;
				CLANG_WARN_RANGE_LOOP_ANALYSIS = YES;
				CLANG_WARN_STRICT_PROTOTYPES = YES;
				CLANG_WARN_SUSPICIOUS_MOVE = YES;
				CLANG_WARN_UNGUARDED_AVAILABILITY = YES_AGGRESSIVE;
				CLANG_WARN_UNREACHABLE_CODE = YES;
				CLANG_WARN__DUPLICATE_METHOD_MATCH = YES;
				COPY_PHASE_STRIP = NO;
				DEBUG_INFORMATION_FORMAT = "dwarf-with-dsym";
				ENABLE_NS_ASSERTIONS = NO;
				ENABLE_STRICT_OBJC_MSGSEND = YES;
				GCC_C_LANGUAGE_STANDARD = gnu11;
				GCC_NO_COMMON_BLOCKS = YES;
				GCC_WARN_64_TO_32_BIT_CONVERSION = YES;
				GCC_WARN_ABOUT_RETURN_TYPE = YES_ERROR;
				GCC_WARN_UNDECLARED_SELECTOR = YES;
				GCC_WARN_UNINITIALIZED_AUTOS = YES_AGGRESSIVE;
				GCC_WARN_UNUSED_FUNCTION = YES;
				GCC_WARN_UNUSED_VARIABLE = YES;
				MACOSX_DEPLOYMENT_TARGET = 11.1;
				MTL_ENABLE_DEBUG_INFO = NO;
				MTL_FAST_MATH = YES;
				SDKROOT = macosx;
			};
			name = Release;
		};
		C90583C925A5D764000C515B /* Debug */ = {
			isa = XCBuildConfiguration;
			buildSettings = {
				CODE_SIGN_STYLE = Automatic;
				DEVELOPMENT_TEAM = 7N525N28LV;
				EXECUTABLE_PREFIX = lib;
				PRODUCT_NAME = graphics_macOS;
				SKIP_INSTALL = YES;
			};
			name = Debug;
		};
		C90583CA25A5D764000C515B /* Release */ = {
			isa = XCBuildConfiguration;
			buildSettings = {
				CODE_SIGN_STYLE = Automatic;
				DEVELOPMENT_TEAM = 7N525N28LV;
				EXECUTABLE_PREFIX = lib;
				PRODUCT_NAME = graphics_macOS;
				SKIP_INSTALL = YES;
			};
			name = Release;
		};
/* End XCBuildConfiguration section */

/* Begin XCConfigurationList section */
		C90583BF25A5D764000C515B /* Build configuration list for PBXProject "graphics" */ = {
			isa = XCConfigurationList;
			buildConfigurations = (
				C90583C625A5D764000C515B /* Debug */,
				C90583C725A5D764000C515B /* Release */,
			);
			defaultConfigurationIsVisible = 0;
			defaultConfigurationName = Release;
		};
		C90583C825A5D764000C515B /* Build configuration list for PBXNativeTarget "graphics macOS" */ = {
			isa = XCConfigurationList;
			buildConfigurations = (
				C90583C925A5D764000C515B /* Debug */,
				C90583CA25A5D764000C515B /* Release */,
			);
			defaultConfigurationIsVisible = 0;
			defaultConfigurationName = Release;
		};
/* End XCConfigurationList section */
	};
	rootObject = C90583BC25A5D764000C515B /* Project object */;
}
