// !$*UTF8*$!
{
	archiveVersion = 1;
	classes = {
	};
	objectVersion = 50;
	objects = {

/* Begin PBXBuildFile section */
		C9209A0623A577AB0070EEB0 /* wad_loadFromWadData.c in Sources */ = {isa = PBXBuildFile; fileRef = C9209A0523A577AB0070EEB0 /* wad_loadFromWadData.c */; };
		C941D8A7239D73C200F9D0CC /* wad.c in Sources */ = {isa = PBXBuildFile; fileRef = C940EDA32398C81F0007A0D9 /* wad.c */; };
		C941D8A8239D73C200F9D0CC /* raw_wad.c in Sources */ = {isa = PBXBuildFile; fileRef = C97B6B6E239BAC02003B692E /* raw_wad.c */; };
		C941D8A9239D73C200F9D0CC /* wad_interface.c in Sources */ = {isa = PBXBuildFile; fileRef = C940EDA82398CE5D0007A0D9 /* wad_interface.c */; };
		C941D8AA239D73C200F9D0CC /* execute_result.c in Sources */ = {isa = PBXBuildFile; fileRef = C9F01BC92398F63500E31FAB /* execute_result.c */; };
		C98AFF1C239DDE6700CDC67A /* wad_generateWadData.c in Sources */ = {isa = PBXBuildFile; fileRef = C98AFF1B239DDE6700CDC67A /* wad_generateWadData.c */; };
/* End PBXBuildFile section */

/* Begin PBXFileReference section */
		C9209A0523A577AB0070EEB0 /* wad_loadFromWadData.c */ = {isa = PBXFileReference; lastKnownFileType = sourcecode.c.c; path = wad_loadFromWadData.c; sourceTree = "<group>"; };
		C940EDA22398C81F0007A0D9 /* wad.h */ = {isa = PBXFileReference; lastKnownFileType = sourcecode.c.h; path = wad.h; sourceTree = "<group>"; };
		C940EDA32398C81F0007A0D9 /* wad.c */ = {isa = PBXFileReference; lastKnownFileType = sourcecode.c.c; path = wad.c; sourceTree = "<group>"; };
		C940EDA62398C8530007A0D9 /* README.md */ = {isa = PBXFileReference; lastKnownFileType = net.daringfireball.markdown; path = README.md; sourceTree = "<group>"; };
		C940EDA72398CE5D0007A0D9 /* wad_interface.h */ = {isa = PBXFileReference; lastKnownFileType = sourcecode.c.h; path = wad_interface.h; sourceTree = "<group>"; };
		C940EDA82398CE5D0007A0D9 /* wad_interface.c */ = {isa = PBXFileReference; lastKnownFileType = sourcecode.c.c; path = wad_interface.c; sourceTree = "<group>"; };
		C941D8A3239D73B300F9D0CC /* libwad_kit.a */ = {isa = PBXFileReference; explicitFileType = archive.ar; includeInIndex = 0; path = libwad_kit.a; sourceTree = BUILT_PRODUCTS_DIR; };
		C97B6B6D239BAC02003B692E /* raw_wad.h */ = {isa = PBXFileReference; lastKnownFileType = sourcecode.c.h; path = raw_wad.h; sourceTree = "<group>"; };
		C97B6B6E239BAC02003B692E /* raw_wad.c */ = {isa = PBXFileReference; lastKnownFileType = sourcecode.c.c; path = raw_wad.c; sourceTree = "<group>"; };
		C98AFF1B239DDE6700CDC67A /* wad_generateWadData.c */ = {isa = PBXFileReference; lastKnownFileType = sourcecode.c.c; path = wad_generateWadData.c; sourceTree = "<group>"; };
		C9F01BC82398F63500E31FAB /* execute_result.h */ = {isa = PBXFileReference; lastKnownFileType = sourcecode.c.h; path = execute_result.h; sourceTree = "<group>"; };
		C9F01BC92398F63500E31FAB /* execute_result.c */ = {isa = PBXFileReference; lastKnownFileType = sourcecode.c.c; path = execute_result.c; sourceTree = "<group>"; };
/* End PBXFileReference section */

/* Begin PBXFrameworksBuildPhase section */
		C941D8A1239D73B300F9D0CC /* Frameworks */ = {
			isa = PBXFrameworksBuildPhase;
			buildActionMask = 2147483647;
			files = (
			);
			runOnlyForDeploymentPostprocessing = 0;
		};
/* End PBXFrameworksBuildPhase section */

/* Begin PBXGroup section */
		C940ED902398C6F60007A0D9 = {
			isa = PBXGroup;
			children = (
				C940EDA62398C8530007A0D9 /* README.md */,
				C940EDA12398C7FC0007A0D9 /* wad_kit */,
				C940ED9A2398C6F60007A0D9 /* Products */,
				C940EDB62398D0910007A0D9 /* Frameworks */,
			);
			sourceTree = "<group>";
		};
		C940ED9A2398C6F60007A0D9 /* Products */ = {
			isa = PBXGroup;
			children = (
				C941D8A3239D73B300F9D0CC /* libwad_kit.a */,
			);
			name = Products;
			sourceTree = "<group>";
		};
		C940EDA12398C7FC0007A0D9 /* wad_kit */ = {
			isa = PBXGroup;
			children = (
				C940EDA22398C81F0007A0D9 /* wad.h */,
				C940EDA32398C81F0007A0D9 /* wad.c */,
				C97B6B6D239BAC02003B692E /* raw_wad.h */,
				C97B6B6E239BAC02003B692E /* raw_wad.c */,
				C940EDA72398CE5D0007A0D9 /* wad_interface.h */,
				C940EDA82398CE5D0007A0D9 /* wad_interface.c */,
				C9209A0523A577AB0070EEB0 /* wad_loadFromWadData.c */,
				C98AFF1B239DDE6700CDC67A /* wad_generateWadData.c */,
				C9F01BC82398F63500E31FAB /* execute_result.h */,
				C9F01BC92398F63500E31FAB /* execute_result.c */,
			);
			path = wad_kit;
			sourceTree = "<group>";
		};
		C940EDB62398D0910007A0D9 /* Frameworks */ = {
			isa = PBXGroup;
			children = (
			);
			name = Frameworks;
			sourceTree = "<group>";
		};
/* End PBXGroup section */

/* Begin PBXHeadersBuildPhase section */
		C941D89F239D73B300F9D0CC /* Headers */ = {
			isa = PBXHeadersBuildPhase;
			buildActionMask = 2147483647;
			files = (
			);
			runOnlyForDeploymentPostprocessing = 0;
		};
/* End PBXHeadersBuildPhase section */

/* Begin PBXNativeTarget section */
		C941D8A2239D73B300F9D0CC /* wad_kit */ = {
			isa = PBXNativeTarget;
			buildConfigurationList = C941D8A4239D73B300F9D0CC /* Build configuration list for PBXNativeTarget "wad_kit" */;
			buildPhases = (
				C941D89F239D73B300F9D0CC /* Headers */,
				C941D8A0239D73B300F9D0CC /* Sources */,
				C941D8A1239D73B300F9D0CC /* Frameworks */,
			);
			buildRules = (
			);
			dependencies = (
			);
			name = wad_kit;
			productName = wad_kit;
			productReference = C941D8A3239D73B300F9D0CC /* libwad_kit.a */;
			productType = "com.apple.product-type.library.static";
		};
/* End PBXNativeTarget section */

/* Begin PBXProject section */
		C940ED912398C6F60007A0D9 /* Project object */ = {
			isa = PBXProject;
			attributes = {
				LastUpgradeCheck = 1120;
				ORGANIZATIONNAME = "Eugene Lutz";
				TargetAttributes = {
					C941D8A2239D73B300F9D0CC = {
						CreatedOnToolsVersion = 11.2.1;
					};
				};
			};
			buildConfigurationList = C940ED942398C6F60007A0D9 /* Build configuration list for PBXProject "wad_kit" */;
			compatibilityVersion = "Xcode 9.3";
			developmentRegion = en;
			hasScannedForEncodings = 0;
			knownRegions = (
				en,
				Base,
			);
			mainGroup = C940ED902398C6F60007A0D9;
			productRefGroup = C940ED9A2398C6F60007A0D9 /* Products */;
			projectDirPath = "";
			projectRoot = "";
			targets = (
				C941D8A2239D73B300F9D0CC /* wad_kit */,
			);
		};
/* End PBXProject section */

/* Begin PBXSourcesBuildPhase section */
		C941D8A0239D73B300F9D0CC /* Sources */ = {
			isa = PBXSourcesBuildPhase;
			buildActionMask = 2147483647;
			files = (
				C941D8A7239D73C200F9D0CC /* wad.c in Sources */,
				C9209A0623A577AB0070EEB0 /* wad_loadFromWadData.c in Sources */,
				C941D8A8239D73C200F9D0CC /* raw_wad.c in Sources */,
				C941D8AA239D73C200F9D0CC /* execute_result.c in Sources */,
				C98AFF1C239DDE6700CDC67A /* wad_generateWadData.c in Sources */,
				C941D8A9239D73C200F9D0CC /* wad_interface.c in Sources */,
			);
			runOnlyForDeploymentPostprocessing = 0;
		};
/* End PBXSourcesBuildPhase section */

/* Begin XCBuildConfiguration section */
		C940ED9B2398C6F60007A0D9 /* Debug */ = {
			isa = XCBuildConfiguration;
			buildSettings = {
				ALWAYS_SEARCH_USER_PATHS = NO;
				CLANG_ANALYZER_NONNULL = YES;
				CLANG_ANALYZER_NUMBER_OBJECT_CONVERSION = YES_AGGRESSIVE;
				CLANG_CXX_LANGUAGE_STANDARD = "c++17";
				CLANG_CXX_LIBRARY = "libc++";
				CLANG_ENABLE_MODULES = YES;
				CLANG_ENABLE_OBJC_ARC = YES;
				CLANG_ENABLE_OBJC_WEAK = YES;
				CLANG_WARN_BLOCK_CAPTURE_AUTORELEASING = YES;
				CLANG_WARN_BOOL_CONVERSION = YES;
				CLANG_WARN_COMMA = YES;
				CLANG_WARN_CONSTANT_CONVERSION = YES;
				CLANG_WARN_DEPRECATED_OBJC_IMPLEMENTATIONS = YES;
				CLANG_WARN_DIRECT_OBJC_ISA_USAGE = YES_ERROR;
				CLANG_WARN_DOCUMENTATION_COMMENTS = YES;
				CLANG_WARN_EMPTY_BODY = YES;
				CLANG_WARN_ENUM_CONVERSION = YES;
				CLANG_WARN_INFINITE_RECURSION = YES;
				CLANG_WARN_INT_CONVERSION = YES;
				CLANG_WARN_NON_LITERAL_NULL_CONVERSION = YES;
				CLANG_WARN_OBJC_IMPLICIT_RETAIN_SELF = YES;
				CLANG_WARN_OBJC_LITERAL_CONVERSION = YES;
				CLANG_WARN_OBJC_ROOT_CLASS = YES_ERROR;
				CLANG_WARN_RANGE_LOOP_ANALYSIS = YES;
				CLANG_WARN_STRICT_PROTOTYPES = YES;
				CLANG_WARN_SUSPICIOUS_MOVE = YES;
				CLANG_WARN_UNGUARDED_AVAILABILITY = YES_AGGRESSIVE;
				CLANG_WARN_UNREACHABLE_CODE = YES;
				CLANG_WARN__DUPLICATE_METHOD_MATCH = YES;
				COPY_PHASE_STRIP = NO;
				DEBUG_INFORMATION_FORMAT = dwarf;
				ENABLE_STRICT_OBJC_MSGSEND = YES;
				ENABLE_TESTABILITY = YES;
				GCC_C_LANGUAGE_STANDARD = c99;
				GCC_DYNAMIC_NO_PIC = NO;
				GCC_NO_COMMON_BLOCKS = YES;
				GCC_OPTIMIZATION_LEVEL = 0;
				GCC_PREPROCESSOR_DEFINITIONS = (
					"DEBUG=1",
					"$(inherited)",
				);
				GCC_WARN_64_TO_32_BIT_CONVERSION = YES;
				GCC_WARN_ABOUT_RETURN_TYPE = YES_ERROR;
				GCC_WARN_UNDECLARED_SELECTOR = YES;
				GCC_WARN_UNINITIALIZED_AUTOS = YES_AGGRESSIVE;
				GCC_WARN_UNUSED_FUNCTION = YES;
				GCC_WARN_UNUSED_VARIABLE = YES;
				MACOSX_DEPLOYMENT_TARGET = 10.15;
				MTL_ENABLE_DEBUG_INFO = INCLUDE_SOURCE;
				MTL_FAST_MATH = YES;
				ONLY_ACTIVE_ARCH = YES;
				SDKROOT = macosx;
			};
			name = Debug;
		};
		C940ED9C2398C6F60007A0D9 /* Release */ = {
			isa = XCBuildConfiguration;
			buildSettings = {
				ALWAYS_SEARCH_USER_PATHS = NO;
				CLANG_ANALYZER_NONNULL = YES;
				CLANG_ANALYZER_NUMBER_OBJECT_CONVERSION = YES_AGGRESSIVE;
				CLANG_CXX_LANGUAGE_STANDARD = "c++17";
				CLANG_CXX_LIBRARY = "libc++";
				CLANG_ENABLE_MODULES = YES;
				CLANG_ENABLE_OBJC_ARC = YES;
				CLANG_ENABLE_OBJC_WEAK = YES;
				CLANG_WARN_BLOCK_CAPTURE_AUTORELEASING = YES;
				CLANG_WARN_BOOL_CONVERSION = YES;
				CLANG_WARN_COMMA = YES;
				CLANG_WARN_CONSTANT_CONVERSION = YES;
				CLANG_WARN_DEPRECATED_OBJC_IMPLEMENTATIONS = YES;
				CLANG_WARN_DIRECT_OBJC_ISA_USAGE = YES_ERROR;
				CLANG_WARN_DOCUMENTATION_COMMENTS = YES;
				CLANG_WARN_EMPTY_BODY = YES;
				CLANG_WARN_ENUM_CONVERSION = YES;
				CLANG_WARN_INFINITE_RECURSION = YES;
				CLANG_WARN_INT_CONVERSION = YES;
				CLANG_WARN_NON_LITERAL_NULL_CONVERSION = YES;
				CLANG_WARN_OBJC_IMPLICIT_RETAIN_SELF = YES;
				CLANG_WARN_OBJC_LITERAL_CONVERSION = YES;
				CLANG_WARN_OBJC_ROOT_CLASS = YES_ERROR;
				CLANG_WARN_RANGE_LOOP_ANALYSIS = YES;
				CLANG_WARN_STRICT_PROTOTYPES = YES;
				CLANG_WARN_SUSPICIOUS_MOVE = YES;
				CLANG_WARN_UNGUARDED_AVAILABILITY = YES_AGGRESSIVE;
				CLANG_WARN_UNREACHABLE_CODE = YES;
				CLANG_WARN__DUPLICATE_METHOD_MATCH = YES;
				COPY_PHASE_STRIP = NO;
				DEBUG_INFORMATION_FORMAT = "dwarf-with-dsym";
				ENABLE_NS_ASSERTIONS = NO;
				ENABLE_STRICT_OBJC_MSGSEND = YES;
				GCC_C_LANGUAGE_STANDARD = c99;
				GCC_NO_COMMON_BLOCKS = YES;
				GCC_WARN_64_TO_32_BIT_CONVERSION = YES;
				GCC_WARN_ABOUT_RETURN_TYPE = YES_ERROR;
				GCC_WARN_UNDECLARED_SELECTOR = YES;
				GCC_WARN_UNINITIALIZED_AUTOS = YES_AGGRESSIVE;
				GCC_WARN_UNUSED_FUNCTION = YES;
				GCC_WARN_UNUSED_VARIABLE = YES;
				MACOSX_DEPLOYMENT_TARGET = 10.15;
				MTL_ENABLE_DEBUG_INFO = NO;
				MTL_FAST_MATH = YES;
				SDKROOT = macosx;
			};
			name = Release;
		};
		C941D8A5239D73B300F9D0CC /* Debug */ = {
			isa = XCBuildConfiguration;
			buildSettings = {
				CLANG_CXX_LANGUAGE_STANDARD = "c++17";
				CODE_SIGN_STYLE = Automatic;
				DEVELOPMENT_TEAM = 7N525N28LV;
				EXECUTABLE_PREFIX = lib;
				GCC_C_LANGUAGE_STANDARD = c99;
				PRODUCT_NAME = "$(TARGET_NAME)";
				SKIP_INSTALL = YES;
			};
			name = Debug;
		};
		C941D8A6239D73B300F9D0CC /* Release */ = {
			isa = XCBuildConfiguration;
			buildSettings = {
				CLANG_CXX_LANGUAGE_STANDARD = "c++17";
				CODE_SIGN_STYLE = Automatic;
				DEVELOPMENT_TEAM = 7N525N28LV;
				EXECUTABLE_PREFIX = lib;
				GCC_C_LANGUAGE_STANDARD = c99;
				PRODUCT_NAME = "$(TARGET_NAME)";
				SKIP_INSTALL = YES;
			};
			name = Release;
		};
/* End XCBuildConfiguration section */

/* Begin XCConfigurationList section */
		C940ED942398C6F60007A0D9 /* Build configuration list for PBXProject "wad_kit" */ = {
			isa = XCConfigurationList;
			buildConfigurations = (
				C940ED9B2398C6F60007A0D9 /* Debug */,
				C940ED9C2398C6F60007A0D9 /* Release */,
			);
			defaultConfigurationIsVisible = 0;
			defaultConfigurationName = Release;
		};
		C941D8A4239D73B300F9D0CC /* Build configuration list for PBXNativeTarget "wad_kit" */ = {
			isa = XCConfigurationList;
			buildConfigurations = (
				C941D8A5239D73B300F9D0CC /* Debug */,
				C941D8A6239D73B300F9D0CC /* Release */,
			);
			defaultConfigurationIsVisible = 0;
			defaultConfigurationName = Release;
		};
/* End XCConfigurationList section */
	};
	rootObject = C940ED912398C6F60007A0D9 /* Project object */;
}
